
Microsoft Visual Studio Solution File, Format Version 12.00
# Visual Studio Version 16
VisualStudioVersion = 16.0.29318.209
MinimumVisualStudioVersion = 10.0.40219.1
Project("{2150E333-8FDC-42A3-9474-1A3956D46DE8}") = "BaseView", "BaseView", "{FDB096EE-C7CB-46A1-BD87-3CE3A71EC01D}"
EndProject
Project("{2150E333-8FDC-42A3-9474-1A3956D46DE8}") = "Xamarin.Android", "Xamarin.Android", "{D0661EE1-03F0-4624-A8F6-EFCB667B24D0}"
EndProject
Project("{2150E333-8FDC-42A3-9474-1A3956D46DE8}") = "Xamarin.Forms", "Xamarin.Forms", "{4FF9B8EF-AECD-4E47-82DC-66C0E206BF53}"
EndProject
Project("{2150E333-8FDC-42A3-9474-1A3956D46DE8}") = "BaseControls", "BaseControls", "{35DE2CD9-A7B8-4871-A0F0-B7424343E1BA}"
EndProject
Project("{2150E333-8FDC-42A3-9474-1A3956D46DE8}") = "BaseControls", "BaseControls", "{000A28F4-A971-4E25-B340-DEE4170633B8}"
EndProject
Project("{2150E333-8FDC-42A3-9474-1A3956D46DE8}") = "BaseControls.Utils", "BaseControls.Utils", "{ACBE4666-B134-4727-AE1F-C59BC1E40ABC}"
EndProject
Project("{9A19103F-16F7-4668-BE54-9A1E7A4F7556}") = "BaseControls", "Xamarin\BaseView\BaseControls\BaseControls\BaseControls\BaseControls.csproj", "{62B05CE0-435F-48B4-9BFA-C458420CC88A}"
EndProject
Project("{FAE04EC0-301F-11D3-BF4B-00C04F79EFBC}") = "BaseControls.Android", "Xamarin\BaseView\BaseControls\BaseControls\BaseControls.Android\BaseControls.Android.csproj", "{958EC810-2346-48C1-A9D5-1CD4AB3E3A14}"
EndProject
Project("{FAE04EC0-301F-11D3-BF4B-00C04F79EFBC}") = "BaseControls.iOS", "Xamarin\BaseView\BaseControls\BaseControls\BaseControls.iOS\BaseControls.iOS.csproj", "{3E9EFCB7-CD3F-4A06-9CDE-95BA98D5A71A}"
EndProject
Project("{FAE04EC0-301F-11D3-BF4B-00C04F79EFBC}") = "BaseControls.UWP", "Xamarin\BaseView\BaseControls\BaseControls\BaseControls.UWP\BaseControls.UWP.csproj", "{B489A6CD-957B-4235-B919-4B9F33DE72EF}"
EndProject
Project("{9A19103F-16F7-4668-BE54-9A1E7A4F7556}") = "BaseControls.Utils", "Xamarin\BaseView\BaseControls\BaseControls.Utils\BaseControls.Utils.csproj", "{137E5FC5-01A2-4845-9191-30C360EC3E81}"
EndProject
Project("{2150E333-8FDC-42A3-9474-1A3956D46DE8}") = "LocalResource", "LocalResource", "{448050ED-E833-452E-960B-2E6485C4B371}"
EndProject
Project("{9A19103F-16F7-4668-BE54-9A1E7A4F7556}") = "LocalResource", "Xamarin\BaseView\LocalResource\LocalResource\LocalResource\LocalResource.csproj", "{0E891279-93F0-42A8-B163-E43F69833438}"
EndProject
Project("{FAE04EC0-301F-11D3-BF4B-00C04F79EFBC}") = "LocalResource.Android", "Xamarin\BaseView\LocalResource\LocalResource\LocalResource.Android\LocalResource.Android.csproj", "{9F826D80-3A9D-4AC6-AEDC-A889F3083C4C}"
EndProject
Project("{FAE04EC0-301F-11D3-BF4B-00C04F79EFBC}") = "LocalResource.iOS", "Xamarin\BaseView\LocalResource\LocalResource\LocalResource.iOS\LocalResource.iOS.csproj", "{4E1290D2-5579-4FBA-B233-54C6302F55A3}"
EndProject
Project("{FAE04EC0-301F-11D3-BF4B-00C04F79EFBC}") = "LocalResource.UWP", "Xamarin\BaseView\LocalResource\LocalResource\LocalResource.UWP\LocalResource.UWP.csproj", "{05D2659E-2266-467F-8B6D-B80CA9016613}"
EndProject
Project("{2150E333-8FDC-42A3-9474-1A3956D46DE8}") = "Phoneword", "Phoneword", "{A72DB4EC-4B17-4ACE-A9CC-1D0AEED23C75}"
EndProject
Project("{2150E333-8FDC-42A3-9474-1A3956D46DE8}") = "Practice", "Practice", "{41E6CB35-4786-43E0-9AD4-FAEAB10B9C74}"
EndProject
Project("{FAE04EC0-301F-11D3-BF4B-00C04F79EFBC}") = "Phoneword", "Xamarin\Xamarin.Android\Phoneword\Phoneword.csproj", "{7556239F-24E1-48D3-8F10-C5FA68223851}"
EndProject
Project("{FAE04EC0-301F-11D3-BF4B-00C04F79EFBC}") = "Practice", "Xamarin\Xamarin.Android\Practice\Practice.csproj", "{D59DBA8F-5F45-463F-A6C0-95AD391B1E35}"
EndProject
Project("{2150E333-8FDC-42A3-9474-1A3956D46DE8}") = "AwesomeApp", "AwesomeApp", "{712FC3F9-6DDB-476C-B2DE-19F19DA4848B}"
EndProject
Project("{2150E333-8FDC-42A3-9474-1A3956D46DE8}") = "FromPractice", "FromPractice", "{ECB87211-47FC-49EB-B4F9-43E0D817E63E}"
EndProject
Project("{2150E333-8FDC-42A3-9474-1A3956D46DE8}") = "Notes", "Notes", "{FE22E4C0-6A23-494F-ABA2-24B1EAA20F43}"
EndProject
Project("{9A19103F-16F7-4668-BE54-9A1E7A4F7556}") = "AwesomeApp", "Xamarin\Xamarin.Forms\AwesomeApp\AwesomeApp\AwesomeApp.csproj", "{B933EF9D-D7DB-45F3-80C6-8D973C845DB3}"
EndProject
Project("{FAE04EC0-301F-11D3-BF4B-00C04F79EFBC}") = "AwesomeApp.Android", "Xamarin\Xamarin.Forms\AwesomeApp\AwesomeApp.Android\AwesomeApp.Android.csproj", "{66F9A5E9-9056-411B-9D23-F5762E4A4683}"
EndProject
Project("{FAE04EC0-301F-11D3-BF4B-00C04F79EFBC}") = "AwesomeApp.iOS", "Xamarin\Xamarin.Forms\AwesomeApp\AwesomeApp.iOS\AwesomeApp.iOS.csproj", "{C1F1F511-D4D5-43C4-B545-7BA4CF552BC6}"
EndProject
Project("{9A19103F-16F7-4668-BE54-9A1E7A4F7556}") = "FromPractice", "Xamarin\Xamarin.Forms\FromPractice\FromPractice\FromPractice.csproj", "{1E01A28C-35B0-4A7E-9BEF-13E54AB707EC}"
EndProject
Project("{FAE04EC0-301F-11D3-BF4B-00C04F79EFBC}") = "FromPractice.Android", "Xamarin\Xamarin.Forms\FromPractice\FromPractice.Android\FromPractice.Android.csproj", "{019F4553-397A-4A6C-A2FC-A8C39BEE0F51}"
EndProject
Project("{FAE04EC0-301F-11D3-BF4B-00C04F79EFBC}") = "FromPractice.iOS", "Xamarin\Xamarin.Forms\FromPractice\FromPractice.iOS\FromPractice.iOS.csproj", "{5845D78E-3992-4A5E-BCCE-1352E8A7CEE3}"
EndProject
Project("{FAE04EC0-301F-11D3-BF4B-00C04F79EFBC}") = "FromPractice.UWP", "Xamarin\Xamarin.Forms\FromPractice\FromPractice.UWP\FromPractice.UWP.csproj", "{E73A90FB-A734-47EA-AC1B-BA7743623E92}"
EndProject
Project("{9A19103F-16F7-4668-BE54-9A1E7A4F7556}") = "Notes", "Xamarin\Xamarin.Forms\Notes\Notes\Notes.csproj", "{FD2E5DA0-90D0-44C4-9309-5036CF0CD293}"
EndProject
Project("{FAE04EC0-301F-11D3-BF4B-00C04F79EFBC}") = "Notes.Android", "Xamarin\Xamarin.Forms\Notes\Notes.Android\Notes.Android.csproj", "{914A4BEA-D1D9-4731-934D-F2009A18FA0D}"
EndProject
Project("{FAE04EC0-301F-11D3-BF4B-00C04F79EFBC}") = "Notes.iOS", "Xamarin\Xamarin.Forms\Notes\Notes.iOS\Notes.iOS.csproj", "{31B1FCA5-4F84-4E37-8E47-346AB8098B5D}"
EndProject
Project("{2150E333-8FDC-42A3-9474-1A3956D46DE8}") = "WebView", "WebView", "{728999B4-9DD7-4856-AB9A-A83DB30220A5}"
EndProject
Project("{9A19103F-16F7-4668-BE54-9A1E7A4F7556}") = "CustomRendererWebView", "Xamarin\Xamarin.Forms\WebView\CustomRendererWebView\CustomRendererWebView.csproj", "{5AE0B29A-DB3E-4849-A13B-D3DDACAB7B78}"
EndProject
Project("{FAE04EC0-301F-11D3-BF4B-00C04F79EFBC}") = "CustomRendererWebView.Android", "Xamarin\Xamarin.Forms\WebView\CustomRendererWebView.Android\CustomRendererWebView.Android.csproj", "{C70FA5E0-7710-477D-BC4D-BAE1B5061CA8}"
EndProject
Project("{FAE04EC0-301F-11D3-BF4B-00C04F79EFBC}") = "CustomRendererWebView.iOS", "Xamarin\Xamarin.Forms\WebView\CustomRendererWebView.iOS\CustomRendererWebView.iOS.csproj", "{9B81C898-7F33-40F8-9F64-D016A68D39CB}"
EndProject
Project("{FAE04EC0-301F-11D3-BF4B-00C04F79EFBC}") = "CustomRendererWebView.UWP", "Xamarin\Xamarin.Forms\WebView\CustomRendererWebView.UWP\CustomRendererWebView.UWP.csproj", "{F23AE3F2-ABF8-450A-B57F-B96061D0287B}"
EndProject
Project("{2150E333-8FDC-42A3-9474-1A3956D46DE8}") = "Xamarin.iOS", "Xamarin.iOS", "{C99C22F1-7A45-453B-B502-851063725A48}"
EndProject
Project("{FAE04EC0-301F-11D3-BF4B-00C04F79EFBC}") = "PhonewordIOS", "Xamarin\Xamarin.iOS\PhonewordIOS\PhonewordIOS.csproj", "{753A31B4-4119-4286-B375-415FDBF18935}"
EndProject
Global
	GlobalSection(SolutionConfigurationPlatforms) = preSolution
		Debug|Any CPU = Debug|Any CPU
		Debug|ARM = Debug|ARM
		Debug|iPhone = Debug|iPhone
		Debug|iPhoneSimulator = Debug|iPhoneSimulator
		Debug|x64 = Debug|x64
		Debug|x86 = Debug|x86
		Release|Any CPU = Release|Any CPU
		Release|ARM = Release|ARM
		Release|iPhone = Release|iPhone
		Release|iPhoneSimulator = Release|iPhoneSimulator
		Release|x64 = Release|x64
		Release|x86 = Release|x86
	EndGlobalSection
	GlobalSection(ProjectConfigurationPlatforms) = postSolution
		{62B05CE0-435F-48B4-9BFA-C458420CC88A}.Debug|Any CPU.ActiveCfg = Debug|Any CPU
		{62B05CE0-435F-48B4-9BFA-C458420CC88A}.Debug|Any CPU.Build.0 = Debug|Any CPU
		{62B05CE0-435F-48B4-9BFA-C458420CC88A}.Debug|ARM.ActiveCfg = Debug|Any CPU
		{62B05CE0-435F-48B4-9BFA-C458420CC88A}.Debug|ARM.Build.0 = Debug|Any CPU
		{62B05CE0-435F-48B4-9BFA-C458420CC88A}.Debug|iPhone.ActiveCfg = Debug|Any CPU
		{62B05CE0-435F-48B4-9BFA-C458420CC88A}.Debug|iPhone.Build.0 = Debug|Any CPU
		{62B05CE0-435F-48B4-9BFA-C458420CC88A}.Debug|iPhoneSimulator.ActiveCfg = Debug|Any CPU
		{62B05CE0-435F-48B4-9BFA-C458420CC88A}.Debug|iPhoneSimulator.Build.0 = Debug|Any CPU
		{62B05CE0-435F-48B4-9BFA-C458420CC88A}.Debug|x64.ActiveCfg = Debug|Any CPU
		{62B05CE0-435F-48B4-9BFA-C458420CC88A}.Debug|x64.Build.0 = Debug|Any CPU
		{62B05CE0-435F-48B4-9BFA-C458420CC88A}.Debug|x86.ActiveCfg = Debug|Any CPU
		{62B05CE0-435F-48B4-9BFA-C458420CC88A}.Debug|x86.Build.0 = Debug|Any CPU
		{62B05CE0-435F-48B4-9BFA-C458420CC88A}.Release|Any CPU.ActiveCfg = Release|Any CPU
		{62B05CE0-435F-48B4-9BFA-C458420CC88A}.Release|Any CPU.Build.0 = Release|Any CPU
		{62B05CE0-435F-48B4-9BFA-C458420CC88A}.Release|ARM.ActiveCfg = Release|Any CPU
		{62B05CE0-435F-48B4-9BFA-C458420CC88A}.Release|ARM.Build.0 = Release|Any CPU
		{62B05CE0-435F-48B4-9BFA-C458420CC88A}.Release|iPhone.ActiveCfg = Release|Any CPU
		{62B05CE0-435F-48B4-9BFA-C458420CC88A}.Release|iPhone.Build.0 = Release|Any CPU
		{62B05CE0-435F-48B4-9BFA-C458420CC88A}.Release|iPhoneSimulator.ActiveCfg = Release|Any CPU
		{62B05CE0-435F-48B4-9BFA-C458420CC88A}.Release|iPhoneSimulator.Build.0 = Release|Any CPU
		{62B05CE0-435F-48B4-9BFA-C458420CC88A}.Release|x64.ActiveCfg = Release|Any CPU
		{62B05CE0-435F-48B4-9BFA-C458420CC88A}.Release|x64.Build.0 = Release|Any CPU
		{62B05CE0-435F-48B4-9BFA-C458420CC88A}.Release|x86.ActiveCfg = Release|Any CPU
		{62B05CE0-435F-48B4-9BFA-C458420CC88A}.Release|x86.Build.0 = Release|Any CPU
		{958EC810-2346-48C1-A9D5-1CD4AB3E3A14}.Debug|Any CPU.ActiveCfg = Debug|Any CPU
		{958EC810-2346-48C1-A9D5-1CD4AB3E3A14}.Debug|Any CPU.Build.0 = Debug|Any CPU
		{958EC810-2346-48C1-A9D5-1CD4AB3E3A14}.Debug|Any CPU.Deploy.0 = Debug|Any CPU
		{958EC810-2346-48C1-A9D5-1CD4AB3E3A14}.Debug|ARM.ActiveCfg = Debug|Any CPU
		{958EC810-2346-48C1-A9D5-1CD4AB3E3A14}.Debug|ARM.Build.0 = Debug|Any CPU
		{958EC810-2346-48C1-A9D5-1CD4AB3E3A14}.Debug|ARM.Deploy.0 = Debug|Any CPU
		{958EC810-2346-48C1-A9D5-1CD4AB3E3A14}.Debug|iPhone.ActiveCfg = Debug|Any CPU
		{958EC810-2346-48C1-A9D5-1CD4AB3E3A14}.Debug|iPhone.Build.0 = Debug|Any CPU
		{958EC810-2346-48C1-A9D5-1CD4AB3E3A14}.Debug|iPhone.Deploy.0 = Debug|Any CPU
		{958EC810-2346-48C1-A9D5-1CD4AB3E3A14}.Debug|iPhoneSimulator.ActiveCfg = Debug|Any CPU
		{958EC810-2346-48C1-A9D5-1CD4AB3E3A14}.Debug|iPhoneSimulator.Build.0 = Debug|Any CPU
		{958EC810-2346-48C1-A9D5-1CD4AB3E3A14}.Debug|iPhoneSimulator.Deploy.0 = Debug|Any CPU
		{958EC810-2346-48C1-A9D5-1CD4AB3E3A14}.Debug|x64.ActiveCfg = Debug|Any CPU
		{958EC810-2346-48C1-A9D5-1CD4AB3E3A14}.Debug|x64.Build.0 = Debug|Any CPU
		{958EC810-2346-48C1-A9D5-1CD4AB3E3A14}.Debug|x64.Deploy.0 = Debug|Any CPU
		{958EC810-2346-48C1-A9D5-1CD4AB3E3A14}.Debug|x86.ActiveCfg = Debug|Any CPU
		{958EC810-2346-48C1-A9D5-1CD4AB3E3A14}.Debug|x86.Build.0 = Debug|Any CPU
		{958EC810-2346-48C1-A9D5-1CD4AB3E3A14}.Debug|x86.Deploy.0 = Debug|Any CPU
		{958EC810-2346-48C1-A9D5-1CD4AB3E3A14}.Release|Any CPU.ActiveCfg = Release|Any CPU
		{958EC810-2346-48C1-A9D5-1CD4AB3E3A14}.Release|Any CPU.Build.0 = Release|Any CPU
		{958EC810-2346-48C1-A9D5-1CD4AB3E3A14}.Release|Any CPU.Deploy.0 = Release|Any CPU
		{958EC810-2346-48C1-A9D5-1CD4AB3E3A14}.Release|ARM.ActiveCfg = Release|Any CPU
		{958EC810-2346-48C1-A9D5-1CD4AB3E3A14}.Release|ARM.Build.0 = Release|Any CPU
		{958EC810-2346-48C1-A9D5-1CD4AB3E3A14}.Release|ARM.Deploy.0 = Release|Any CPU
		{958EC810-2346-48C1-A9D5-1CD4AB3E3A14}.Release|iPhone.ActiveCfg = Release|Any CPU
		{958EC810-2346-48C1-A9D5-1CD4AB3E3A14}.Release|iPhone.Build.0 = Release|Any CPU
		{958EC810-2346-48C1-A9D5-1CD4AB3E3A14}.Release|iPhone.Deploy.0 = Release|Any CPU
		{958EC810-2346-48C1-A9D5-1CD4AB3E3A14}.Release|iPhoneSimulator.ActiveCfg = Release|Any CPU
		{958EC810-2346-48C1-A9D5-1CD4AB3E3A14}.Release|iPhoneSimulator.Build.0 = Release|Any CPU
		{958EC810-2346-48C1-A9D5-1CD4AB3E3A14}.Release|iPhoneSimulator.Deploy.0 = Release|Any CPU
		{958EC810-2346-48C1-A9D5-1CD4AB3E3A14}.Release|x64.ActiveCfg = Release|Any CPU
		{958EC810-2346-48C1-A9D5-1CD4AB3E3A14}.Release|x64.Build.0 = Release|Any CPU
		{958EC810-2346-48C1-A9D5-1CD4AB3E3A14}.Release|x64.Deploy.0 = Release|Any CPU
		{958EC810-2346-48C1-A9D5-1CD4AB3E3A14}.Release|x86.ActiveCfg = Release|Any CPU
		{958EC810-2346-48C1-A9D5-1CD4AB3E3A14}.Release|x86.Build.0 = Release|Any CPU
		{958EC810-2346-48C1-A9D5-1CD4AB3E3A14}.Release|x86.Deploy.0 = Release|Any CPU
		{3E9EFCB7-CD3F-4A06-9CDE-95BA98D5A71A}.Debug|Any CPU.ActiveCfg = Debug|iPhone
		{3E9EFCB7-CD3F-4A06-9CDE-95BA98D5A71A}.Debug|ARM.ActiveCfg = Debug|iPhone
		{3E9EFCB7-CD3F-4A06-9CDE-95BA98D5A71A}.Debug|iPhone.ActiveCfg = Debug|iPhone
		{3E9EFCB7-CD3F-4A06-9CDE-95BA98D5A71A}.Debug|iPhone.Build.0 = Debug|iPhone
		{3E9EFCB7-CD3F-4A06-9CDE-95BA98D5A71A}.Debug|iPhoneSimulator.ActiveCfg = Debug|iPhoneSimulator
		{3E9EFCB7-CD3F-4A06-9CDE-95BA98D5A71A}.Debug|iPhoneSimulator.Build.0 = Debug|iPhoneSimulator
		{3E9EFCB7-CD3F-4A06-9CDE-95BA98D5A71A}.Debug|x64.ActiveCfg = Debug|iPhone
		{3E9EFCB7-CD3F-4A06-9CDE-95BA98D5A71A}.Debug|x86.ActiveCfg = Debug|iPhone
		{3E9EFCB7-CD3F-4A06-9CDE-95BA98D5A71A}.Release|Any CPU.ActiveCfg = Release|iPhone
		{3E9EFCB7-CD3F-4A06-9CDE-95BA98D5A71A}.Release|ARM.ActiveCfg = Release|iPhone
		{3E9EFCB7-CD3F-4A06-9CDE-95BA98D5A71A}.Release|iPhone.ActiveCfg = Release|iPhone
		{3E9EFCB7-CD3F-4A06-9CDE-95BA98D5A71A}.Release|iPhone.Build.0 = Release|iPhone
		{3E9EFCB7-CD3F-4A06-9CDE-95BA98D5A71A}.Release|iPhoneSimulator.ActiveCfg = Release|iPhoneSimulator
		{3E9EFCB7-CD3F-4A06-9CDE-95BA98D5A71A}.Release|iPhoneSimulator.Build.0 = Release|iPhoneSimulator
		{3E9EFCB7-CD3F-4A06-9CDE-95BA98D5A71A}.Release|x64.ActiveCfg = Release|iPhone
		{3E9EFCB7-CD3F-4A06-9CDE-95BA98D5A71A}.Release|x86.ActiveCfg = Release|iPhone
		{B489A6CD-957B-4235-B919-4B9F33DE72EF}.Debug|Any CPU.ActiveCfg = Debug|x86
		{B489A6CD-957B-4235-B919-4B9F33DE72EF}.Debug|ARM.ActiveCfg = Debug|ARM
		{B489A6CD-957B-4235-B919-4B9F33DE72EF}.Debug|ARM.Build.0 = Debug|ARM
		{B489A6CD-957B-4235-B919-4B9F33DE72EF}.Debug|ARM.Deploy.0 = Debug|ARM
		{B489A6CD-957B-4235-B919-4B9F33DE72EF}.Debug|iPhone.ActiveCfg = Debug|x86
		{B489A6CD-957B-4235-B919-4B9F33DE72EF}.Debug|iPhoneSimulator.ActiveCfg = Debug|x86
		{B489A6CD-957B-4235-B919-4B9F33DE72EF}.Debug|x64.ActiveCfg = Debug|x64
		{B489A6CD-957B-4235-B919-4B9F33DE72EF}.Debug|x64.Build.0 = Debug|x64
		{B489A6CD-957B-4235-B919-4B9F33DE72EF}.Debug|x64.Deploy.0 = Debug|x64
		{B489A6CD-957B-4235-B919-4B9F33DE72EF}.Debug|x86.ActiveCfg = Debug|x86
		{B489A6CD-957B-4235-B919-4B9F33DE72EF}.Debug|x86.Build.0 = Debug|x86
		{B489A6CD-957B-4235-B919-4B9F33DE72EF}.Debug|x86.Deploy.0 = Debug|x86
		{B489A6CD-957B-4235-B919-4B9F33DE72EF}.Release|Any CPU.ActiveCfg = Release|x86
		{B489A6CD-957B-4235-B919-4B9F33DE72EF}.Release|ARM.ActiveCfg = Release|ARM
		{B489A6CD-957B-4235-B919-4B9F33DE72EF}.Release|ARM.Build.0 = Release|ARM
		{B489A6CD-957B-4235-B919-4B9F33DE72EF}.Release|ARM.Deploy.0 = Release|ARM
		{B489A6CD-957B-4235-B919-4B9F33DE72EF}.Release|iPhone.ActiveCfg = Release|x86
		{B489A6CD-957B-4235-B919-4B9F33DE72EF}.Release|iPhoneSimulator.ActiveCfg = Release|x86
		{B489A6CD-957B-4235-B919-4B9F33DE72EF}.Release|x64.ActiveCfg = Release|x64
		{B489A6CD-957B-4235-B919-4B9F33DE72EF}.Release|x64.Build.0 = Release|x64
		{B489A6CD-957B-4235-B919-4B9F33DE72EF}.Release|x64.Deploy.0 = Release|x64
		{B489A6CD-957B-4235-B919-4B9F33DE72EF}.Release|x86.ActiveCfg = Release|x86
		{B489A6CD-957B-4235-B919-4B9F33DE72EF}.Release|x86.Build.0 = Release|x86
		{B489A6CD-957B-4235-B919-4B9F33DE72EF}.Release|x86.Deploy.0 = Release|x86
		{137E5FC5-01A2-4845-9191-30C360EC3E81}.Debug|Any CPU.ActiveCfg = Debug|Any CPU
		{137E5FC5-01A2-4845-9191-30C360EC3E81}.Debug|Any CPU.Build.0 = Debug|Any CPU
		{137E5FC5-01A2-4845-9191-30C360EC3E81}.Debug|ARM.ActiveCfg = Debug|Any CPU
		{137E5FC5-01A2-4845-9191-30C360EC3E81}.Debug|ARM.Build.0 = Debug|Any CPU
		{137E5FC5-01A2-4845-9191-30C360EC3E81}.Debug|iPhone.ActiveCfg = Debug|Any CPU
		{137E5FC5-01A2-4845-9191-30C360EC3E81}.Debug|iPhone.Build.0 = Debug|Any CPU
		{137E5FC5-01A2-4845-9191-30C360EC3E81}.Debug|iPhoneSimulator.ActiveCfg = Debug|Any CPU
		{137E5FC5-01A2-4845-9191-30C360EC3E81}.Debug|iPhoneSimulator.Build.0 = Debug|Any CPU
		{137E5FC5-01A2-4845-9191-30C360EC3E81}.Debug|x64.ActiveCfg = Debug|Any CPU
		{137E5FC5-01A2-4845-9191-30C360EC3E81}.Debug|x64.Build.0 = Debug|Any CPU
		{137E5FC5-01A2-4845-9191-30C360EC3E81}.Debug|x86.ActiveCfg = Debug|Any CPU
		{137E5FC5-01A2-4845-9191-30C360EC3E81}.Debug|x86.Build.0 = Debug|Any CPU
		{137E5FC5-01A2-4845-9191-30C360EC3E81}.Release|Any CPU.ActiveCfg = Release|Any CPU
		{137E5FC5-01A2-4845-9191-30C360EC3E81}.Release|Any CPU.Build.0 = Release|Any CPU
		{137E5FC5-01A2-4845-9191-30C360EC3E81}.Release|ARM.ActiveCfg = Release|Any CPU
		{137E5FC5-01A2-4845-9191-30C360EC3E81}.Release|ARM.Build.0 = Release|Any CPU
		{137E5FC5-01A2-4845-9191-30C360EC3E81}.Release|iPhone.ActiveCfg = Release|Any CPU
		{137E5FC5-01A2-4845-9191-30C360EC3E81}.Release|iPhone.Build.0 = Release|Any CPU
		{137E5FC5-01A2-4845-9191-30C360EC3E81}.Release|iPhoneSimulator.ActiveCfg = Release|Any CPU
		{137E5FC5-01A2-4845-9191-30C360EC3E81}.Release|iPhoneSimulator.Build.0 = Release|Any CPU
		{137E5FC5-01A2-4845-9191-30C360EC3E81}.Release|x64.ActiveCfg = Release|Any CPU
		{137E5FC5-01A2-4845-9191-30C360EC3E81}.Release|x64.Build.0 = Release|Any CPU
		{137E5FC5-01A2-4845-9191-30C360EC3E81}.Release|x86.ActiveCfg = Release|Any CPU
		{137E5FC5-01A2-4845-9191-30C360EC3E81}.Release|x86.Build.0 = Release|Any CPU
		{0E891279-93F0-42A8-B163-E43F69833438}.Debug|Any CPU.ActiveCfg = Debug|Any CPU
		{0E891279-93F0-42A8-B163-E43F69833438}.Debug|Any CPU.Build.0 = Debug|Any CPU
		{0E891279-93F0-42A8-B163-E43F69833438}.Debug|ARM.ActiveCfg = Debug|Any CPU
		{0E891279-93F0-42A8-B163-E43F69833438}.Debug|ARM.Build.0 = Debug|Any CPU
		{0E891279-93F0-42A8-B163-E43F69833438}.Debug|iPhone.ActiveCfg = Debug|Any CPU
		{0E891279-93F0-42A8-B163-E43F69833438}.Debug|iPhone.Build.0 = Debug|Any CPU
		{0E891279-93F0-42A8-B163-E43F69833438}.Debug|iPhoneSimulator.ActiveCfg = Debug|Any CPU
		{0E891279-93F0-42A8-B163-E43F69833438}.Debug|iPhoneSimulator.Build.0 = Debug|Any CPU
		{0E891279-93F0-42A8-B163-E43F69833438}.Debug|x64.ActiveCfg = Debug|Any CPU
		{0E891279-93F0-42A8-B163-E43F69833438}.Debug|x64.Build.0 = Debug|Any CPU
		{0E891279-93F0-42A8-B163-E43F69833438}.Debug|x86.ActiveCfg = Debug|Any CPU
		{0E891279-93F0-42A8-B163-E43F69833438}.Debug|x86.Build.0 = Debug|Any CPU
		{0E891279-93F0-42A8-B163-E43F69833438}.Release|Any CPU.ActiveCfg = Release|Any CPU
		{0E891279-93F0-42A8-B163-E43F69833438}.Release|Any CPU.Build.0 = Release|Any CPU
		{0E891279-93F0-42A8-B163-E43F69833438}.Release|ARM.ActiveCfg = Release|Any CPU
		{0E891279-93F0-42A8-B163-E43F69833438}.Release|ARM.Build.0 = Release|Any CPU
		{0E891279-93F0-42A8-B163-E43F69833438}.Release|iPhone.ActiveCfg = Release|Any CPU
		{0E891279-93F0-42A8-B163-E43F69833438}.Release|iPhone.Build.0 = Release|Any CPU
		{0E891279-93F0-42A8-B163-E43F69833438}.Release|iPhoneSimulator.ActiveCfg = Release|Any CPU
		{0E891279-93F0-42A8-B163-E43F69833438}.Release|iPhoneSimulator.Build.0 = Release|Any CPU
		{0E891279-93F0-42A8-B163-E43F69833438}.Release|x64.ActiveCfg = Release|Any CPU
		{0E891279-93F0-42A8-B163-E43F69833438}.Release|x64.Build.0 = Release|Any CPU
		{0E891279-93F0-42A8-B163-E43F69833438}.Release|x86.ActiveCfg = Release|Any CPU
		{0E891279-93F0-42A8-B163-E43F69833438}.Release|x86.Build.0 = Release|Any CPU
		{9F826D80-3A9D-4AC6-AEDC-A889F3083C4C}.Debug|Any CPU.ActiveCfg = Debug|Any CPU
		{9F826D80-3A9D-4AC6-AEDC-A889F3083C4C}.Debug|Any CPU.Build.0 = Debug|Any CPU
		{9F826D80-3A9D-4AC6-AEDC-A889F3083C4C}.Debug|Any CPU.Deploy.0 = Debug|Any CPU
		{9F826D80-3A9D-4AC6-AEDC-A889F3083C4C}.Debug|ARM.ActiveCfg = Debug|Any CPU
		{9F826D80-3A9D-4AC6-AEDC-A889F3083C4C}.Debug|ARM.Build.0 = Debug|Any CPU
		{9F826D80-3A9D-4AC6-AEDC-A889F3083C4C}.Debug|ARM.Deploy.0 = Debug|Any CPU
		{9F826D80-3A9D-4AC6-AEDC-A889F3083C4C}.Debug|iPhone.ActiveCfg = Debug|Any CPU
		{9F826D80-3A9D-4AC6-AEDC-A889F3083C4C}.Debug|iPhone.Build.0 = Debug|Any CPU
		{9F826D80-3A9D-4AC6-AEDC-A889F3083C4C}.Debug|iPhone.Deploy.0 = Debug|Any CPU
		{9F826D80-3A9D-4AC6-AEDC-A889F3083C4C}.Debug|iPhoneSimulator.ActiveCfg = Debug|Any CPU
		{9F826D80-3A9D-4AC6-AEDC-A889F3083C4C}.Debug|iPhoneSimulator.Build.0 = Debug|Any CPU
		{9F826D80-3A9D-4AC6-AEDC-A889F3083C4C}.Debug|iPhoneSimulator.Deploy.0 = Debug|Any CPU
		{9F826D80-3A9D-4AC6-AEDC-A889F3083C4C}.Debug|x64.ActiveCfg = Debug|Any CPU
		{9F826D80-3A9D-4AC6-AEDC-A889F3083C4C}.Debug|x64.Build.0 = Debug|Any CPU
		{9F826D80-3A9D-4AC6-AEDC-A889F3083C4C}.Debug|x64.Deploy.0 = Debug|Any CPU
		{9F826D80-3A9D-4AC6-AEDC-A889F3083C4C}.Debug|x86.ActiveCfg = Debug|Any CPU
		{9F826D80-3A9D-4AC6-AEDC-A889F3083C4C}.Debug|x86.Build.0 = Debug|Any CPU
		{9F826D80-3A9D-4AC6-AEDC-A889F3083C4C}.Debug|x86.Deploy.0 = Debug|Any CPU
		{9F826D80-3A9D-4AC6-AEDC-A889F3083C4C}.Release|Any CPU.ActiveCfg = Release|Any CPU
		{9F826D80-3A9D-4AC6-AEDC-A889F3083C4C}.Release|Any CPU.Build.0 = Release|Any CPU
		{9F826D80-3A9D-4AC6-AEDC-A889F3083C4C}.Release|Any CPU.Deploy.0 = Release|Any CPU
		{9F826D80-3A9D-4AC6-AEDC-A889F3083C4C}.Release|ARM.ActiveCfg = Release|Any CPU
		{9F826D80-3A9D-4AC6-AEDC-A889F3083C4C}.Release|ARM.Build.0 = Release|Any CPU
		{9F826D80-3A9D-4AC6-AEDC-A889F3083C4C}.Release|ARM.Deploy.0 = Release|Any CPU
		{9F826D80-3A9D-4AC6-AEDC-A889F3083C4C}.Release|iPhone.ActiveCfg = Release|Any CPU
		{9F826D80-3A9D-4AC6-AEDC-A889F3083C4C}.Release|iPhone.Build.0 = Release|Any CPU
		{9F826D80-3A9D-4AC6-AEDC-A889F3083C4C}.Release|iPhone.Deploy.0 = Release|Any CPU
		{9F826D80-3A9D-4AC6-AEDC-A889F3083C4C}.Release|iPhoneSimulator.ActiveCfg = Release|Any CPU
		{9F826D80-3A9D-4AC6-AEDC-A889F3083C4C}.Release|iPhoneSimulator.Build.0 = Release|Any CPU
		{9F826D80-3A9D-4AC6-AEDC-A889F3083C4C}.Release|iPhoneSimulator.Deploy.0 = Release|Any CPU
		{9F826D80-3A9D-4AC6-AEDC-A889F3083C4C}.Release|x64.ActiveCfg = Release|Any CPU
		{9F826D80-3A9D-4AC6-AEDC-A889F3083C4C}.Release|x64.Build.0 = Release|Any CPU
		{9F826D80-3A9D-4AC6-AEDC-A889F3083C4C}.Release|x64.Deploy.0 = Release|Any CPU
		{9F826D80-3A9D-4AC6-AEDC-A889F3083C4C}.Release|x86.ActiveCfg = Release|Any CPU
		{9F826D80-3A9D-4AC6-AEDC-A889F3083C4C}.Release|x86.Build.0 = Release|Any CPU
		{9F826D80-3A9D-4AC6-AEDC-A889F3083C4C}.Release|x86.Deploy.0 = Release|Any CPU
		{4E1290D2-5579-4FBA-B233-54C6302F55A3}.Debug|Any CPU.ActiveCfg = Debug|iPhone
		{4E1290D2-5579-4FBA-B233-54C6302F55A3}.Debug|ARM.ActiveCfg = Debug|iPhone
		{4E1290D2-5579-4FBA-B233-54C6302F55A3}.Debug|iPhone.ActiveCfg = Debug|iPhone
		{4E1290D2-5579-4FBA-B233-54C6302F55A3}.Debug|iPhone.Build.0 = Debug|iPhone
		{4E1290D2-5579-4FBA-B233-54C6302F55A3}.Debug|iPhoneSimulator.ActiveCfg = Debug|iPhoneSimulator
		{4E1290D2-5579-4FBA-B233-54C6302F55A3}.Debug|iPhoneSimulator.Build.0 = Debug|iPhoneSimulator
		{4E1290D2-5579-4FBA-B233-54C6302F55A3}.Debug|x64.ActiveCfg = Debug|iPhone
		{4E1290D2-5579-4FBA-B233-54C6302F55A3}.Debug|x86.ActiveCfg = Debug|iPhone
		{4E1290D2-5579-4FBA-B233-54C6302F55A3}.Release|Any CPU.ActiveCfg = Release|iPhone
		{4E1290D2-5579-4FBA-B233-54C6302F55A3}.Release|ARM.ActiveCfg = Release|iPhone
		{4E1290D2-5579-4FBA-B233-54C6302F55A3}.Release|iPhone.ActiveCfg = Release|iPhone
		{4E1290D2-5579-4FBA-B233-54C6302F55A3}.Release|iPhone.Build.0 = Release|iPhone
		{4E1290D2-5579-4FBA-B233-54C6302F55A3}.Release|iPhoneSimulator.ActiveCfg = Release|iPhoneSimulator
		{4E1290D2-5579-4FBA-B233-54C6302F55A3}.Release|iPhoneSimulator.Build.0 = Release|iPhoneSimulator
		{4E1290D2-5579-4FBA-B233-54C6302F55A3}.Release|x64.ActiveCfg = Release|iPhone
		{4E1290D2-5579-4FBA-B233-54C6302F55A3}.Release|x86.ActiveCfg = Release|iPhone
		{05D2659E-2266-467F-8B6D-B80CA9016613}.Debug|Any CPU.ActiveCfg = Debug|x86
		{05D2659E-2266-467F-8B6D-B80CA9016613}.Debug|ARM.ActiveCfg = Debug|ARM
		{05D2659E-2266-467F-8B6D-B80CA9016613}.Debug|ARM.Build.0 = Debug|ARM
		{05D2659E-2266-467F-8B6D-B80CA9016613}.Debug|ARM.Deploy.0 = Debug|ARM
		{05D2659E-2266-467F-8B6D-B80CA9016613}.Debug|iPhone.ActiveCfg = Debug|x86
		{05D2659E-2266-467F-8B6D-B80CA9016613}.Debug|iPhoneSimulator.ActiveCfg = Debug|x86
		{05D2659E-2266-467F-8B6D-B80CA9016613}.Debug|x64.ActiveCfg = Debug|x64
		{05D2659E-2266-467F-8B6D-B80CA9016613}.Debug|x64.Build.0 = Debug|x64
		{05D2659E-2266-467F-8B6D-B80CA9016613}.Debug|x64.Deploy.0 = Debug|x64
		{05D2659E-2266-467F-8B6D-B80CA9016613}.Debug|x86.ActiveCfg = Debug|x86
		{05D2659E-2266-467F-8B6D-B80CA9016613}.Debug|x86.Build.0 = Debug|x86
		{05D2659E-2266-467F-8B6D-B80CA9016613}.Debug|x86.Deploy.0 = Debug|x86
		{05D2659E-2266-467F-8B6D-B80CA9016613}.Release|Any CPU.ActiveCfg = Release|x86
		{05D2659E-2266-467F-8B6D-B80CA9016613}.Release|ARM.ActiveCfg = Release|ARM
		{05D2659E-2266-467F-8B6D-B80CA9016613}.Release|ARM.Build.0 = Release|ARM
		{05D2659E-2266-467F-8B6D-B80CA9016613}.Release|ARM.Deploy.0 = Release|ARM
		{05D2659E-2266-467F-8B6D-B80CA9016613}.Release|iPhone.ActiveCfg = Release|x86
		{05D2659E-2266-467F-8B6D-B80CA9016613}.Release|iPhoneSimulator.ActiveCfg = Release|x86
		{05D2659E-2266-467F-8B6D-B80CA9016613}.Release|x64.ActiveCfg = Release|x64
		{05D2659E-2266-467F-8B6D-B80CA9016613}.Release|x64.Build.0 = Release|x64
		{05D2659E-2266-467F-8B6D-B80CA9016613}.Release|x64.Deploy.0 = Release|x64
		{05D2659E-2266-467F-8B6D-B80CA9016613}.Release|x86.ActiveCfg = Release|x86
		{05D2659E-2266-467F-8B6D-B80CA9016613}.Release|x86.Build.0 = Release|x86
		{05D2659E-2266-467F-8B6D-B80CA9016613}.Release|x86.Deploy.0 = Release|x86
		{7556239F-24E1-48D3-8F10-C5FA68223851}.Debug|Any CPU.ActiveCfg = Debug|Any CPU
		{7556239F-24E1-48D3-8F10-C5FA68223851}.Debug|Any CPU.Build.0 = Debug|Any CPU
		{7556239F-24E1-48D3-8F10-C5FA68223851}.Debug|Any CPU.Deploy.0 = Debug|Any CPU
		{7556239F-24E1-48D3-8F10-C5FA68223851}.Debug|ARM.ActiveCfg = Debug|Any CPU
		{7556239F-24E1-48D3-8F10-C5FA68223851}.Debug|ARM.Build.0 = Debug|Any CPU
		{7556239F-24E1-48D3-8F10-C5FA68223851}.Debug|ARM.Deploy.0 = Debug|Any CPU
		{7556239F-24E1-48D3-8F10-C5FA68223851}.Debug|iPhone.ActiveCfg = Debug|Any CPU
		{7556239F-24E1-48D3-8F10-C5FA68223851}.Debug|iPhone.Build.0 = Debug|Any CPU
		{7556239F-24E1-48D3-8F10-C5FA68223851}.Debug|iPhone.Deploy.0 = Debug|Any CPU
		{7556239F-24E1-48D3-8F10-C5FA68223851}.Debug|iPhoneSimulator.ActiveCfg = Debug|Any CPU
		{7556239F-24E1-48D3-8F10-C5FA68223851}.Debug|iPhoneSimulator.Build.0 = Debug|Any CPU
		{7556239F-24E1-48D3-8F10-C5FA68223851}.Debug|iPhoneSimulator.Deploy.0 = Debug|Any CPU
		{7556239F-24E1-48D3-8F10-C5FA68223851}.Debug|x64.ActiveCfg = Debug|Any CPU
		{7556239F-24E1-48D3-8F10-C5FA68223851}.Debug|x64.Build.0 = Debug|Any CPU
		{7556239F-24E1-48D3-8F10-C5FA68223851}.Debug|x64.Deploy.0 = Debug|Any CPU
		{7556239F-24E1-48D3-8F10-C5FA68223851}.Debug|x86.ActiveCfg = Debug|Any CPU
		{7556239F-24E1-48D3-8F10-C5FA68223851}.Debug|x86.Build.0 = Debug|Any CPU
		{7556239F-24E1-48D3-8F10-C5FA68223851}.Debug|x86.Deploy.0 = Debug|Any CPU
		{7556239F-24E1-48D3-8F10-C5FA68223851}.Release|Any CPU.ActiveCfg = Release|Any CPU
		{7556239F-24E1-48D3-8F10-C5FA68223851}.Release|Any CPU.Build.0 = Release|Any CPU
		{7556239F-24E1-48D3-8F10-C5FA68223851}.Release|Any CPU.Deploy.0 = Release|Any CPU
		{7556239F-24E1-48D3-8F10-C5FA68223851}.Release|ARM.ActiveCfg = Release|Any CPU
		{7556239F-24E1-48D3-8F10-C5FA68223851}.Release|ARM.Build.0 = Release|Any CPU
		{7556239F-24E1-48D3-8F10-C5FA68223851}.Release|ARM.Deploy.0 = Release|Any CPU
		{7556239F-24E1-48D3-8F10-C5FA68223851}.Release|iPhone.ActiveCfg = Release|Any CPU
		{7556239F-24E1-48D3-8F10-C5FA68223851}.Release|iPhone.Build.0 = Release|Any CPU
		{7556239F-24E1-48D3-8F10-C5FA68223851}.Release|iPhone.Deploy.0 = Release|Any CPU
		{7556239F-24E1-48D3-8F10-C5FA68223851}.Release|iPhoneSimulator.ActiveCfg = Release|Any CPU
		{7556239F-24E1-48D3-8F10-C5FA68223851}.Release|iPhoneSimulator.Build.0 = Release|Any CPU
		{7556239F-24E1-48D3-8F10-C5FA68223851}.Release|iPhoneSimulator.Deploy.0 = Release|Any CPU
		{7556239F-24E1-48D3-8F10-C5FA68223851}.Release|x64.ActiveCfg = Release|Any CPU
		{7556239F-24E1-48D3-8F10-C5FA68223851}.Release|x64.Build.0 = Release|Any CPU
		{7556239F-24E1-48D3-8F10-C5FA68223851}.Release|x64.Deploy.0 = Release|Any CPU
		{7556239F-24E1-48D3-8F10-C5FA68223851}.Release|x86.ActiveCfg = Release|Any CPU
		{7556239F-24E1-48D3-8F10-C5FA68223851}.Release|x86.Build.0 = Release|Any CPU
		{7556239F-24E1-48D3-8F10-C5FA68223851}.Release|x86.Deploy.0 = Release|Any CPU
		{D59DBA8F-5F45-463F-A6C0-95AD391B1E35}.Debug|Any CPU.ActiveCfg = Debug|Any CPU
		{D59DBA8F-5F45-463F-A6C0-95AD391B1E35}.Debug|Any CPU.Build.0 = Debug|Any CPU
		{D59DBA8F-5F45-463F-A6C0-95AD391B1E35}.Debug|Any CPU.Deploy.0 = Debug|Any CPU
		{D59DBA8F-5F45-463F-A6C0-95AD391B1E35}.Debug|ARM.ActiveCfg = Debug|Any CPU
		{D59DBA8F-5F45-463F-A6C0-95AD391B1E35}.Debug|ARM.Build.0 = Debug|Any CPU
		{D59DBA8F-5F45-463F-A6C0-95AD391B1E35}.Debug|ARM.Deploy.0 = Debug|Any CPU
		{D59DBA8F-5F45-463F-A6C0-95AD391B1E35}.Debug|iPhone.ActiveCfg = Debug|Any CPU
		{D59DBA8F-5F45-463F-A6C0-95AD391B1E35}.Debug|iPhone.Build.0 = Debug|Any CPU
		{D59DBA8F-5F45-463F-A6C0-95AD391B1E35}.Debug|iPhone.Deploy.0 = Debug|Any CPU
		{D59DBA8F-5F45-463F-A6C0-95AD391B1E35}.Debug|iPhoneSimulator.ActiveCfg = Debug|Any CPU
		{D59DBA8F-5F45-463F-A6C0-95AD391B1E35}.Debug|iPhoneSimulator.Build.0 = Debug|Any CPU
		{D59DBA8F-5F45-463F-A6C0-95AD391B1E35}.Debug|iPhoneSimulator.Deploy.0 = Debug|Any CPU
		{D59DBA8F-5F45-463F-A6C0-95AD391B1E35}.Debug|x64.ActiveCfg = Debug|Any CPU
		{D59DBA8F-5F45-463F-A6C0-95AD391B1E35}.Debug|x64.Build.0 = Debug|Any CPU
		{D59DBA8F-5F45-463F-A6C0-95AD391B1E35}.Debug|x64.Deploy.0 = Debug|Any CPU
		{D59DBA8F-5F45-463F-A6C0-95AD391B1E35}.Debug|x86.ActiveCfg = Debug|Any CPU
		{D59DBA8F-5F45-463F-A6C0-95AD391B1E35}.Debug|x86.Build.0 = Debug|Any CPU
		{D59DBA8F-5F45-463F-A6C0-95AD391B1E35}.Debug|x86.Deploy.0 = Debug|Any CPU
		{D59DBA8F-5F45-463F-A6C0-95AD391B1E35}.Release|Any CPU.ActiveCfg = Release|Any CPU
		{D59DBA8F-5F45-463F-A6C0-95AD391B1E35}.Release|Any CPU.Build.0 = Release|Any CPU
		{D59DBA8F-5F45-463F-A6C0-95AD391B1E35}.Release|Any CPU.Deploy.0 = Release|Any CPU
		{D59DBA8F-5F45-463F-A6C0-95AD391B1E35}.Release|ARM.ActiveCfg = Release|Any CPU
		{D59DBA8F-5F45-463F-A6C0-95AD391B1E35}.Release|ARM.Build.0 = Release|Any CPU
		{D59DBA8F-5F45-463F-A6C0-95AD391B1E35}.Release|ARM.Deploy.0 = Release|Any CPU
		{D59DBA8F-5F45-463F-A6C0-95AD391B1E35}.Release|iPhone.ActiveCfg = Release|Any CPU
		{D59DBA8F-5F45-463F-A6C0-95AD391B1E35}.Release|iPhone.Build.0 = Release|Any CPU
		{D59DBA8F-5F45-463F-A6C0-95AD391B1E35}.Release|iPhone.Deploy.0 = Release|Any CPU
		{D59DBA8F-5F45-463F-A6C0-95AD391B1E35}.Release|iPhoneSimulator.ActiveCfg = Release|Any CPU
		{D59DBA8F-5F45-463F-A6C0-95AD391B1E35}.Release|iPhoneSimulator.Build.0 = Release|Any CPU
		{D59DBA8F-5F45-463F-A6C0-95AD391B1E35}.Release|iPhoneSimulator.Deploy.0 = Release|Any CPU
		{D59DBA8F-5F45-463F-A6C0-95AD391B1E35}.Release|x64.ActiveCfg = Release|Any CPU
		{D59DBA8F-5F45-463F-A6C0-95AD391B1E35}.Release|x64.Build.0 = Release|Any CPU
		{D59DBA8F-5F45-463F-A6C0-95AD391B1E35}.Release|x64.Deploy.0 = Release|Any CPU
		{D59DBA8F-5F45-463F-A6C0-95AD391B1E35}.Release|x86.ActiveCfg = Release|Any CPU
		{D59DBA8F-5F45-463F-A6C0-95AD391B1E35}.Release|x86.Build.0 = Release|Any CPU
		{D59DBA8F-5F45-463F-A6C0-95AD391B1E35}.Release|x86.Deploy.0 = Release|Any CPU
		{B933EF9D-D7DB-45F3-80C6-8D973C845DB3}.Debug|Any CPU.ActiveCfg = Debug|Any CPU
		{B933EF9D-D7DB-45F3-80C6-8D973C845DB3}.Debug|Any CPU.Build.0 = Debug|Any CPU
		{B933EF9D-D7DB-45F3-80C6-8D973C845DB3}.Debug|ARM.ActiveCfg = Debug|Any CPU
		{B933EF9D-D7DB-45F3-80C6-8D973C845DB3}.Debug|ARM.Build.0 = Debug|Any CPU
		{B933EF9D-D7DB-45F3-80C6-8D973C845DB3}.Debug|iPhone.ActiveCfg = Debug|Any CPU
		{B933EF9D-D7DB-45F3-80C6-8D973C845DB3}.Debug|iPhone.Build.0 = Debug|Any CPU
		{B933EF9D-D7DB-45F3-80C6-8D973C845DB3}.Debug|iPhoneSimulator.ActiveCfg = Debug|Any CPU
		{B933EF9D-D7DB-45F3-80C6-8D973C845DB3}.Debug|iPhoneSimulator.Build.0 = Debug|Any CPU
		{B933EF9D-D7DB-45F3-80C6-8D973C845DB3}.Debug|x64.ActiveCfg = Debug|Any CPU
		{B933EF9D-D7DB-45F3-80C6-8D973C845DB3}.Debug|x64.Build.0 = Debug|Any CPU
		{B933EF9D-D7DB-45F3-80C6-8D973C845DB3}.Debug|x86.ActiveCfg = Debug|Any CPU
		{B933EF9D-D7DB-45F3-80C6-8D973C845DB3}.Debug|x86.Build.0 = Debug|Any CPU
		{B933EF9D-D7DB-45F3-80C6-8D973C845DB3}.Release|Any CPU.ActiveCfg = Release|Any CPU
		{B933EF9D-D7DB-45F3-80C6-8D973C845DB3}.Release|Any CPU.Build.0 = Release|Any CPU
		{B933EF9D-D7DB-45F3-80C6-8D973C845DB3}.Release|ARM.ActiveCfg = Release|Any CPU
		{B933EF9D-D7DB-45F3-80C6-8D973C845DB3}.Release|ARM.Build.0 = Release|Any CPU
		{B933EF9D-D7DB-45F3-80C6-8D973C845DB3}.Release|iPhone.ActiveCfg = Release|Any CPU
		{B933EF9D-D7DB-45F3-80C6-8D973C845DB3}.Release|iPhone.Build.0 = Release|Any CPU
		{B933EF9D-D7DB-45F3-80C6-8D973C845DB3}.Release|iPhoneSimulator.ActiveCfg = Release|Any CPU
		{B933EF9D-D7DB-45F3-80C6-8D973C845DB3}.Release|iPhoneSimulator.Build.0 = Release|Any CPU
		{B933EF9D-D7DB-45F3-80C6-8D973C845DB3}.Release|x64.ActiveCfg = Release|Any CPU
		{B933EF9D-D7DB-45F3-80C6-8D973C845DB3}.Release|x64.Build.0 = Release|Any CPU
		{B933EF9D-D7DB-45F3-80C6-8D973C845DB3}.Release|x86.ActiveCfg = Release|Any CPU
		{B933EF9D-D7DB-45F3-80C6-8D973C845DB3}.Release|x86.Build.0 = Release|Any CPU
		{66F9A5E9-9056-411B-9D23-F5762E4A4683}.Debug|Any CPU.ActiveCfg = Debug|Any CPU
		{66F9A5E9-9056-411B-9D23-F5762E4A4683}.Debug|Any CPU.Build.0 = Debug|Any CPU
		{66F9A5E9-9056-411B-9D23-F5762E4A4683}.Debug|Any CPU.Deploy.0 = Debug|Any CPU
		{66F9A5E9-9056-411B-9D23-F5762E4A4683}.Debug|ARM.ActiveCfg = Debug|Any CPU
		{66F9A5E9-9056-411B-9D23-F5762E4A4683}.Debug|ARM.Build.0 = Debug|Any CPU
		{66F9A5E9-9056-411B-9D23-F5762E4A4683}.Debug|ARM.Deploy.0 = Debug|Any CPU
		{66F9A5E9-9056-411B-9D23-F5762E4A4683}.Debug|iPhone.ActiveCfg = Debug|Any CPU
		{66F9A5E9-9056-411B-9D23-F5762E4A4683}.Debug|iPhone.Build.0 = Debug|Any CPU
		{66F9A5E9-9056-411B-9D23-F5762E4A4683}.Debug|iPhone.Deploy.0 = Debug|Any CPU
		{66F9A5E9-9056-411B-9D23-F5762E4A4683}.Debug|iPhoneSimulator.ActiveCfg = Debug|Any CPU
		{66F9A5E9-9056-411B-9D23-F5762E4A4683}.Debug|iPhoneSimulator.Build.0 = Debug|Any CPU
		{66F9A5E9-9056-411B-9D23-F5762E4A4683}.Debug|iPhoneSimulator.Deploy.0 = Debug|Any CPU
		{66F9A5E9-9056-411B-9D23-F5762E4A4683}.Debug|x64.ActiveCfg = Debug|Any CPU
		{66F9A5E9-9056-411B-9D23-F5762E4A4683}.Debug|x64.Build.0 = Debug|Any CPU
		{66F9A5E9-9056-411B-9D23-F5762E4A4683}.Debug|x64.Deploy.0 = Debug|Any CPU
		{66F9A5E9-9056-411B-9D23-F5762E4A4683}.Debug|x86.ActiveCfg = Debug|Any CPU
		{66F9A5E9-9056-411B-9D23-F5762E4A4683}.Debug|x86.Build.0 = Debug|Any CPU
		{66F9A5E9-9056-411B-9D23-F5762E4A4683}.Debug|x86.Deploy.0 = Debug|Any CPU
		{66F9A5E9-9056-411B-9D23-F5762E4A4683}.Release|Any CPU.ActiveCfg = Release|Any CPU
		{66F9A5E9-9056-411B-9D23-F5762E4A4683}.Release|Any CPU.Build.0 = Release|Any CPU
		{66F9A5E9-9056-411B-9D23-F5762E4A4683}.Release|Any CPU.Deploy.0 = Release|Any CPU
		{66F9A5E9-9056-411B-9D23-F5762E4A4683}.Release|ARM.ActiveCfg = Release|Any CPU
		{66F9A5E9-9056-411B-9D23-F5762E4A4683}.Release|ARM.Build.0 = Release|Any CPU
		{66F9A5E9-9056-411B-9D23-F5762E4A4683}.Release|ARM.Deploy.0 = Release|Any CPU
		{66F9A5E9-9056-411B-9D23-F5762E4A4683}.Release|iPhone.ActiveCfg = Release|Any CPU
		{66F9A5E9-9056-411B-9D23-F5762E4A4683}.Release|iPhone.Build.0 = Release|Any CPU
		{66F9A5E9-9056-411B-9D23-F5762E4A4683}.Release|iPhone.Deploy.0 = Release|Any CPU
		{66F9A5E9-9056-411B-9D23-F5762E4A4683}.Release|iPhoneSimulator.ActiveCfg = Release|Any CPU
		{66F9A5E9-9056-411B-9D23-F5762E4A4683}.Release|iPhoneSimulator.Build.0 = Release|Any CPU
		{66F9A5E9-9056-411B-9D23-F5762E4A4683}.Release|iPhoneSimulator.Deploy.0 = Release|Any CPU
		{66F9A5E9-9056-411B-9D23-F5762E4A4683}.Release|x64.ActiveCfg = Release|Any CPU
		{66F9A5E9-9056-411B-9D23-F5762E4A4683}.Release|x64.Build.0 = Release|Any CPU
		{66F9A5E9-9056-411B-9D23-F5762E4A4683}.Release|x64.Deploy.0 = Release|Any CPU
		{66F9A5E9-9056-411B-9D23-F5762E4A4683}.Release|x86.ActiveCfg = Release|Any CPU
		{66F9A5E9-9056-411B-9D23-F5762E4A4683}.Release|x86.Build.0 = Release|Any CPU
		{66F9A5E9-9056-411B-9D23-F5762E4A4683}.Release|x86.Deploy.0 = Release|Any CPU
		{C1F1F511-D4D5-43C4-B545-7BA4CF552BC6}.Debug|Any CPU.ActiveCfg = Debug|iPhone
		{C1F1F511-D4D5-43C4-B545-7BA4CF552BC6}.Debug|ARM.ActiveCfg = Debug|iPhone
		{C1F1F511-D4D5-43C4-B545-7BA4CF552BC6}.Debug|iPhone.ActiveCfg = Debug|iPhone
		{C1F1F511-D4D5-43C4-B545-7BA4CF552BC6}.Debug|iPhone.Build.0 = Debug|iPhone
		{C1F1F511-D4D5-43C4-B545-7BA4CF552BC6}.Debug|iPhoneSimulator.ActiveCfg = Debug|iPhoneSimulator
		{C1F1F511-D4D5-43C4-B545-7BA4CF552BC6}.Debug|iPhoneSimulator.Build.0 = Debug|iPhoneSimulator
		{C1F1F511-D4D5-43C4-B545-7BA4CF552BC6}.Debug|x64.ActiveCfg = Debug|iPhone
		{C1F1F511-D4D5-43C4-B545-7BA4CF552BC6}.Debug|x86.ActiveCfg = Debug|iPhone
		{C1F1F511-D4D5-43C4-B545-7BA4CF552BC6}.Release|Any CPU.ActiveCfg = Release|iPhone
		{C1F1F511-D4D5-43C4-B545-7BA4CF552BC6}.Release|ARM.ActiveCfg = Release|iPhone
		{C1F1F511-D4D5-43C4-B545-7BA4CF552BC6}.Release|iPhone.ActiveCfg = Release|iPhone
		{C1F1F511-D4D5-43C4-B545-7BA4CF552BC6}.Release|iPhone.Build.0 = Release|iPhone
		{C1F1F511-D4D5-43C4-B545-7BA4CF552BC6}.Release|iPhoneSimulator.ActiveCfg = Release|iPhoneSimulator
		{C1F1F511-D4D5-43C4-B545-7BA4CF552BC6}.Release|iPhoneSimulator.Build.0 = Release|iPhoneSimulator
		{C1F1F511-D4D5-43C4-B545-7BA4CF552BC6}.Release|x64.ActiveCfg = Release|iPhone
		{C1F1F511-D4D5-43C4-B545-7BA4CF552BC6}.Release|x86.ActiveCfg = Release|iPhone
		{1E01A28C-35B0-4A7E-9BEF-13E54AB707EC}.Debug|Any CPU.ActiveCfg = Debug|Any CPU
		{1E01A28C-35B0-4A7E-9BEF-13E54AB707EC}.Debug|Any CPU.Build.0 = Debug|Any CPU
		{1E01A28C-35B0-4A7E-9BEF-13E54AB707EC}.Debug|ARM.ActiveCfg = Debug|Any CPU
		{1E01A28C-35B0-4A7E-9BEF-13E54AB707EC}.Debug|ARM.Build.0 = Debug|Any CPU
		{1E01A28C-35B0-4A7E-9BEF-13E54AB707EC}.Debug|iPhone.ActiveCfg = Debug|Any CPU
		{1E01A28C-35B0-4A7E-9BEF-13E54AB707EC}.Debug|iPhone.Build.0 = Debug|Any CPU
		{1E01A28C-35B0-4A7E-9BEF-13E54AB707EC}.Debug|iPhoneSimulator.ActiveCfg = Debug|Any CPU
		{1E01A28C-35B0-4A7E-9BEF-13E54AB707EC}.Debug|iPhoneSimulator.Build.0 = Debug|Any CPU
		{1E01A28C-35B0-4A7E-9BEF-13E54AB707EC}.Debug|x64.ActiveCfg = Debug|Any CPU
		{1E01A28C-35B0-4A7E-9BEF-13E54AB707EC}.Debug|x64.Build.0 = Debug|Any CPU
		{1E01A28C-35B0-4A7E-9BEF-13E54AB707EC}.Debug|x86.ActiveCfg = Debug|Any CPU
		{1E01A28C-35B0-4A7E-9BEF-13E54AB707EC}.Debug|x86.Build.0 = Debug|Any CPU
		{1E01A28C-35B0-4A7E-9BEF-13E54AB707EC}.Release|Any CPU.ActiveCfg = Release|Any CPU
		{1E01A28C-35B0-4A7E-9BEF-13E54AB707EC}.Release|Any CPU.Build.0 = Release|Any CPU
		{1E01A28C-35B0-4A7E-9BEF-13E54AB707EC}.Release|ARM.ActiveCfg = Release|Any CPU
		{1E01A28C-35B0-4A7E-9BEF-13E54AB707EC}.Release|ARM.Build.0 = Release|Any CPU
		{1E01A28C-35B0-4A7E-9BEF-13E54AB707EC}.Release|iPhone.ActiveCfg = Release|Any CPU
		{1E01A28C-35B0-4A7E-9BEF-13E54AB707EC}.Release|iPhone.Build.0 = Release|Any CPU
		{1E01A28C-35B0-4A7E-9BEF-13E54AB707EC}.Release|iPhoneSimulator.ActiveCfg = Release|Any CPU
		{1E01A28C-35B0-4A7E-9BEF-13E54AB707EC}.Release|iPhoneSimulator.Build.0 = Release|Any CPU
		{1E01A28C-35B0-4A7E-9BEF-13E54AB707EC}.Release|x64.ActiveCfg = Release|Any CPU
		{1E01A28C-35B0-4A7E-9BEF-13E54AB707EC}.Release|x64.Build.0 = Release|Any CPU
		{1E01A28C-35B0-4A7E-9BEF-13E54AB707EC}.Release|x86.ActiveCfg = Release|Any CPU
		{1E01A28C-35B0-4A7E-9BEF-13E54AB707EC}.Release|x86.Build.0 = Release|Any CPU
		{019F4553-397A-4A6C-A2FC-A8C39BEE0F51}.Debug|Any CPU.ActiveCfg = Debug|Any CPU
		{019F4553-397A-4A6C-A2FC-A8C39BEE0F51}.Debug|Any CPU.Build.0 = Debug|Any CPU
		{019F4553-397A-4A6C-A2FC-A8C39BEE0F51}.Debug|Any CPU.Deploy.0 = Debug|Any CPU
		{019F4553-397A-4A6C-A2FC-A8C39BEE0F51}.Debug|ARM.ActiveCfg = Debug|Any CPU
		{019F4553-397A-4A6C-A2FC-A8C39BEE0F51}.Debug|ARM.Build.0 = Debug|Any CPU
		{019F4553-397A-4A6C-A2FC-A8C39BEE0F51}.Debug|ARM.Deploy.0 = Debug|Any CPU
		{019F4553-397A-4A6C-A2FC-A8C39BEE0F51}.Debug|iPhone.ActiveCfg = Debug|Any CPU
		{019F4553-397A-4A6C-A2FC-A8C39BEE0F51}.Debug|iPhone.Build.0 = Debug|Any CPU
		{019F4553-397A-4A6C-A2FC-A8C39BEE0F51}.Debug|iPhone.Deploy.0 = Debug|Any CPU
		{019F4553-397A-4A6C-A2FC-A8C39BEE0F51}.Debug|iPhoneSimulator.ActiveCfg = Debug|Any CPU
		{019F4553-397A-4A6C-A2FC-A8C39BEE0F51}.Debug|iPhoneSimulator.Build.0 = Debug|Any CPU
		{019F4553-397A-4A6C-A2FC-A8C39BEE0F51}.Debug|iPhoneSimulator.Deploy.0 = Debug|Any CPU
		{019F4553-397A-4A6C-A2FC-A8C39BEE0F51}.Debug|x64.ActiveCfg = Debug|Any CPU
		{019F4553-397A-4A6C-A2FC-A8C39BEE0F51}.Debug|x64.Build.0 = Debug|Any CPU
		{019F4553-397A-4A6C-A2FC-A8C39BEE0F51}.Debug|x64.Deploy.0 = Debug|Any CPU
		{019F4553-397A-4A6C-A2FC-A8C39BEE0F51}.Debug|x86.ActiveCfg = Debug|Any CPU
		{019F4553-397A-4A6C-A2FC-A8C39BEE0F51}.Debug|x86.Build.0 = Debug|Any CPU
		{019F4553-397A-4A6C-A2FC-A8C39BEE0F51}.Debug|x86.Deploy.0 = Debug|Any CPU
		{019F4553-397A-4A6C-A2FC-A8C39BEE0F51}.Release|Any CPU.ActiveCfg = Release|Any CPU
		{019F4553-397A-4A6C-A2FC-A8C39BEE0F51}.Release|Any CPU.Build.0 = Release|Any CPU
		{019F4553-397A-4A6C-A2FC-A8C39BEE0F51}.Release|Any CPU.Deploy.0 = Release|Any CPU
		{019F4553-397A-4A6C-A2FC-A8C39BEE0F51}.Release|ARM.ActiveCfg = Release|Any CPU
		{019F4553-397A-4A6C-A2FC-A8C39BEE0F51}.Release|ARM.Build.0 = Release|Any CPU
		{019F4553-397A-4A6C-A2FC-A8C39BEE0F51}.Release|ARM.Deploy.0 = Release|Any CPU
		{019F4553-397A-4A6C-A2FC-A8C39BEE0F51}.Release|iPhone.ActiveCfg = Release|Any CPU
		{019F4553-397A-4A6C-A2FC-A8C39BEE0F51}.Release|iPhone.Build.0 = Release|Any CPU
		{019F4553-397A-4A6C-A2FC-A8C39BEE0F51}.Release|iPhone.Deploy.0 = Release|Any CPU
		{019F4553-397A-4A6C-A2FC-A8C39BEE0F51}.Release|iPhoneSimulator.ActiveCfg = Release|Any CPU
		{019F4553-397A-4A6C-A2FC-A8C39BEE0F51}.Release|iPhoneSimulator.Build.0 = Release|Any CPU
		{019F4553-397A-4A6C-A2FC-A8C39BEE0F51}.Release|iPhoneSimulator.Deploy.0 = Release|Any CPU
		{019F4553-397A-4A6C-A2FC-A8C39BEE0F51}.Release|x64.ActiveCfg = Release|Any CPU
		{019F4553-397A-4A6C-A2FC-A8C39BEE0F51}.Release|x64.Build.0 = Release|Any CPU
		{019F4553-397A-4A6C-A2FC-A8C39BEE0F51}.Release|x64.Deploy.0 = Release|Any CPU
		{019F4553-397A-4A6C-A2FC-A8C39BEE0F51}.Release|x86.ActiveCfg = Release|Any CPU
		{019F4553-397A-4A6C-A2FC-A8C39BEE0F51}.Release|x86.Build.0 = Release|Any CPU
		{019F4553-397A-4A6C-A2FC-A8C39BEE0F51}.Release|x86.Deploy.0 = Release|Any CPU
		{5845D78E-3992-4A5E-BCCE-1352E8A7CEE3}.Debug|Any CPU.ActiveCfg = Debug|iPhone
		{5845D78E-3992-4A5E-BCCE-1352E8A7CEE3}.Debug|ARM.ActiveCfg = Debug|iPhone
		{5845D78E-3992-4A5E-BCCE-1352E8A7CEE3}.Debug|iPhone.ActiveCfg = Debug|iPhone
		{5845D78E-3992-4A5E-BCCE-1352E8A7CEE3}.Debug|iPhone.Build.0 = Debug|iPhone
		{5845D78E-3992-4A5E-BCCE-1352E8A7CEE3}.Debug|iPhoneSimulator.ActiveCfg = Debug|iPhoneSimulator
		{5845D78E-3992-4A5E-BCCE-1352E8A7CEE3}.Debug|iPhoneSimulator.Build.0 = Debug|iPhoneSimulator
		{5845D78E-3992-4A5E-BCCE-1352E8A7CEE3}.Debug|x64.ActiveCfg = Debug|iPhone
		{5845D78E-3992-4A5E-BCCE-1352E8A7CEE3}.Debug|x86.ActiveCfg = Debug|iPhone
		{5845D78E-3992-4A5E-BCCE-1352E8A7CEE3}.Release|Any CPU.ActiveCfg = Release|iPhone
		{5845D78E-3992-4A5E-BCCE-1352E8A7CEE3}.Release|ARM.ActiveCfg = Release|iPhone
		{5845D78E-3992-4A5E-BCCE-1352E8A7CEE3}.Release|iPhone.ActiveCfg = Release|iPhone
		{5845D78E-3992-4A5E-BCCE-1352E8A7CEE3}.Release|iPhone.Build.0 = Release|iPhone
		{5845D78E-3992-4A5E-BCCE-1352E8A7CEE3}.Release|iPhoneSimulator.ActiveCfg = Release|iPhoneSimulator
		{5845D78E-3992-4A5E-BCCE-1352E8A7CEE3}.Release|iPhoneSimulator.Build.0 = Release|iPhoneSimulator
		{5845D78E-3992-4A5E-BCCE-1352E8A7CEE3}.Release|x64.ActiveCfg = Release|iPhone
		{5845D78E-3992-4A5E-BCCE-1352E8A7CEE3}.Release|x86.ActiveCfg = Release|iPhone
		{E73A90FB-A734-47EA-AC1B-BA7743623E92}.Debug|Any CPU.ActiveCfg = Debug|x86
		{E73A90FB-A734-47EA-AC1B-BA7743623E92}.Debug|ARM.ActiveCfg = Debug|ARM
		{E73A90FB-A734-47EA-AC1B-BA7743623E92}.Debug|ARM.Build.0 = Debug|ARM
		{E73A90FB-A734-47EA-AC1B-BA7743623E92}.Debug|ARM.Deploy.0 = Debug|ARM
		{E73A90FB-A734-47EA-AC1B-BA7743623E92}.Debug|iPhone.ActiveCfg = Debug|x86
		{E73A90FB-A734-47EA-AC1B-BA7743623E92}.Debug|iPhoneSimulator.ActiveCfg = Debug|x86
		{E73A90FB-A734-47EA-AC1B-BA7743623E92}.Debug|x64.ActiveCfg = Debug|x64
		{E73A90FB-A734-47EA-AC1B-BA7743623E92}.Debug|x64.Build.0 = Debug|x64
		{E73A90FB-A734-47EA-AC1B-BA7743623E92}.Debug|x64.Deploy.0 = Debug|x64
		{E73A90FB-A734-47EA-AC1B-BA7743623E92}.Debug|x86.ActiveCfg = Debug|x86
		{E73A90FB-A734-47EA-AC1B-BA7743623E92}.Debug|x86.Build.0 = Debug|x86
		{E73A90FB-A734-47EA-AC1B-BA7743623E92}.Debug|x86.Deploy.0 = Debug|x86
		{E73A90FB-A734-47EA-AC1B-BA7743623E92}.Release|Any CPU.ActiveCfg = Release|x86
		{E73A90FB-A734-47EA-AC1B-BA7743623E92}.Release|ARM.ActiveCfg = Release|ARM
		{E73A90FB-A734-47EA-AC1B-BA7743623E92}.Release|ARM.Build.0 = Release|ARM
		{E73A90FB-A734-47EA-AC1B-BA7743623E92}.Release|ARM.Deploy.0 = Release|ARM
		{E73A90FB-A734-47EA-AC1B-BA7743623E92}.Release|iPhone.ActiveCfg = Release|x86
		{E73A90FB-A734-47EA-AC1B-BA7743623E92}.Release|iPhoneSimulator.ActiveCfg = Release|x86
		{E73A90FB-A734-47EA-AC1B-BA7743623E92}.Release|x64.ActiveCfg = Release|x64
		{E73A90FB-A734-47EA-AC1B-BA7743623E92}.Release|x64.Build.0 = Release|x64
		{E73A90FB-A734-47EA-AC1B-BA7743623E92}.Release|x64.Deploy.0 = Release|x64
		{E73A90FB-A734-47EA-AC1B-BA7743623E92}.Release|x86.ActiveCfg = Release|x86
		{E73A90FB-A734-47EA-AC1B-BA7743623E92}.Release|x86.Build.0 = Release|x86
		{E73A90FB-A734-47EA-AC1B-BA7743623E92}.Release|x86.Deploy.0 = Release|x86
		{FD2E5DA0-90D0-44C4-9309-5036CF0CD293}.Debug|Any CPU.ActiveCfg = Debug|Any CPU
		{FD2E5DA0-90D0-44C4-9309-5036CF0CD293}.Debug|Any CPU.Build.0 = Debug|Any CPU
		{FD2E5DA0-90D0-44C4-9309-5036CF0CD293}.Debug|ARM.ActiveCfg = Debug|Any CPU
		{FD2E5DA0-90D0-44C4-9309-5036CF0CD293}.Debug|ARM.Build.0 = Debug|Any CPU
		{FD2E5DA0-90D0-44C4-9309-5036CF0CD293}.Debug|iPhone.ActiveCfg = Debug|Any CPU
		{FD2E5DA0-90D0-44C4-9309-5036CF0CD293}.Debug|iPhone.Build.0 = Debug|Any CPU
		{FD2E5DA0-90D0-44C4-9309-5036CF0CD293}.Debug|iPhoneSimulator.ActiveCfg = Debug|Any CPU
		{FD2E5DA0-90D0-44C4-9309-5036CF0CD293}.Debug|iPhoneSimulator.Build.0 = Debug|Any CPU
		{FD2E5DA0-90D0-44C4-9309-5036CF0CD293}.Debug|x64.ActiveCfg = Debug|Any CPU
		{FD2E5DA0-90D0-44C4-9309-5036CF0CD293}.Debug|x64.Build.0 = Debug|Any CPU
		{FD2E5DA0-90D0-44C4-9309-5036CF0CD293}.Debug|x86.ActiveCfg = Debug|Any CPU
		{FD2E5DA0-90D0-44C4-9309-5036CF0CD293}.Debug|x86.Build.0 = Debug|Any CPU
		{FD2E5DA0-90D0-44C4-9309-5036CF0CD293}.Release|Any CPU.ActiveCfg = Release|Any CPU
		{FD2E5DA0-90D0-44C4-9309-5036CF0CD293}.Release|Any CPU.Build.0 = Release|Any CPU
		{FD2E5DA0-90D0-44C4-9309-5036CF0CD293}.Release|ARM.ActiveCfg = Release|Any CPU
		{FD2E5DA0-90D0-44C4-9309-5036CF0CD293}.Release|ARM.Build.0 = Release|Any CPU
		{FD2E5DA0-90D0-44C4-9309-5036CF0CD293}.Release|iPhone.ActiveCfg = Release|Any CPU
		{FD2E5DA0-90D0-44C4-9309-5036CF0CD293}.Release|iPhone.Build.0 = Release|Any CPU
		{FD2E5DA0-90D0-44C4-9309-5036CF0CD293}.Release|iPhoneSimulator.ActiveCfg = Release|Any CPU
		{FD2E5DA0-90D0-44C4-9309-5036CF0CD293}.Release|iPhoneSimulator.Build.0 = Release|Any CPU
		{FD2E5DA0-90D0-44C4-9309-5036CF0CD293}.Release|x64.ActiveCfg = Release|Any CPU
		{FD2E5DA0-90D0-44C4-9309-5036CF0CD293}.Release|x64.Build.0 = Release|Any CPU
		{FD2E5DA0-90D0-44C4-9309-5036CF0CD293}.Release|x86.ActiveCfg = Release|Any CPU
		{FD2E5DA0-90D0-44C4-9309-5036CF0CD293}.Release|x86.Build.0 = Release|Any CPU
		{914A4BEA-D1D9-4731-934D-F2009A18FA0D}.Debug|Any CPU.ActiveCfg = Debug|Any CPU
		{914A4BEA-D1D9-4731-934D-F2009A18FA0D}.Debug|Any CPU.Build.0 = Debug|Any CPU
		{914A4BEA-D1D9-4731-934D-F2009A18FA0D}.Debug|Any CPU.Deploy.0 = Debug|Any CPU
		{914A4BEA-D1D9-4731-934D-F2009A18FA0D}.Debug|ARM.ActiveCfg = Debug|Any CPU
		{914A4BEA-D1D9-4731-934D-F2009A18FA0D}.Debug|ARM.Build.0 = Debug|Any CPU
		{914A4BEA-D1D9-4731-934D-F2009A18FA0D}.Debug|ARM.Deploy.0 = Debug|Any CPU
		{914A4BEA-D1D9-4731-934D-F2009A18FA0D}.Debug|iPhone.ActiveCfg = Debug|Any CPU
		{914A4BEA-D1D9-4731-934D-F2009A18FA0D}.Debug|iPhone.Build.0 = Debug|Any CPU
		{914A4BEA-D1D9-4731-934D-F2009A18FA0D}.Debug|iPhone.Deploy.0 = Debug|Any CPU
		{914A4BEA-D1D9-4731-934D-F2009A18FA0D}.Debug|iPhoneSimulator.ActiveCfg = Debug|Any CPU
		{914A4BEA-D1D9-4731-934D-F2009A18FA0D}.Debug|iPhoneSimulator.Build.0 = Debug|Any CPU
		{914A4BEA-D1D9-4731-934D-F2009A18FA0D}.Debug|iPhoneSimulator.Deploy.0 = Debug|Any CPU
		{914A4BEA-D1D9-4731-934D-F2009A18FA0D}.Debug|x64.ActiveCfg = Debug|Any CPU
		{914A4BEA-D1D9-4731-934D-F2009A18FA0D}.Debug|x64.Build.0 = Debug|Any CPU
		{914A4BEA-D1D9-4731-934D-F2009A18FA0D}.Debug|x64.Deploy.0 = Debug|Any CPU
		{914A4BEA-D1D9-4731-934D-F2009A18FA0D}.Debug|x86.ActiveCfg = Debug|Any CPU
		{914A4BEA-D1D9-4731-934D-F2009A18FA0D}.Debug|x86.Build.0 = Debug|Any CPU
		{914A4BEA-D1D9-4731-934D-F2009A18FA0D}.Debug|x86.Deploy.0 = Debug|Any CPU
		{914A4BEA-D1D9-4731-934D-F2009A18FA0D}.Release|Any CPU.ActiveCfg = Release|Any CPU
		{914A4BEA-D1D9-4731-934D-F2009A18FA0D}.Release|Any CPU.Build.0 = Release|Any CPU
		{914A4BEA-D1D9-4731-934D-F2009A18FA0D}.Release|Any CPU.Deploy.0 = Release|Any CPU
		{914A4BEA-D1D9-4731-934D-F2009A18FA0D}.Release|ARM.ActiveCfg = Release|Any CPU
		{914A4BEA-D1D9-4731-934D-F2009A18FA0D}.Release|ARM.Build.0 = Release|Any CPU
		{914A4BEA-D1D9-4731-934D-F2009A18FA0D}.Release|ARM.Deploy.0 = Release|Any CPU
		{914A4BEA-D1D9-4731-934D-F2009A18FA0D}.Release|iPhone.ActiveCfg = Release|Any CPU
		{914A4BEA-D1D9-4731-934D-F2009A18FA0D}.Release|iPhone.Build.0 = Release|Any CPU
		{914A4BEA-D1D9-4731-934D-F2009A18FA0D}.Release|iPhone.Deploy.0 = Release|Any CPU
		{914A4BEA-D1D9-4731-934D-F2009A18FA0D}.Release|iPhoneSimulator.ActiveCfg = Release|Any CPU
		{914A4BEA-D1D9-4731-934D-F2009A18FA0D}.Release|iPhoneSimulator.Build.0 = Release|Any CPU
		{914A4BEA-D1D9-4731-934D-F2009A18FA0D}.Release|iPhoneSimulator.Deploy.0 = Release|Any CPU
		{914A4BEA-D1D9-4731-934D-F2009A18FA0D}.Release|x64.ActiveCfg = Release|Any CPU
		{914A4BEA-D1D9-4731-934D-F2009A18FA0D}.Release|x64.Build.0 = Release|Any CPU
		{914A4BEA-D1D9-4731-934D-F2009A18FA0D}.Release|x64.Deploy.0 = Release|Any CPU
		{914A4BEA-D1D9-4731-934D-F2009A18FA0D}.Release|x86.ActiveCfg = Release|Any CPU
		{914A4BEA-D1D9-4731-934D-F2009A18FA0D}.Release|x86.Build.0 = Release|Any CPU
		{914A4BEA-D1D9-4731-934D-F2009A18FA0D}.Release|x86.Deploy.0 = Release|Any CPU
		{31B1FCA5-4F84-4E37-8E47-346AB8098B5D}.Debug|Any CPU.ActiveCfg = Debug|iPhone
		{31B1FCA5-4F84-4E37-8E47-346AB8098B5D}.Debug|ARM.ActiveCfg = Debug|iPhone
		{31B1FCA5-4F84-4E37-8E47-346AB8098B5D}.Debug|iPhone.ActiveCfg = Debug|iPhone
		{31B1FCA5-4F84-4E37-8E47-346AB8098B5D}.Debug|iPhone.Build.0 = Debug|iPhone
		{31B1FCA5-4F84-4E37-8E47-346AB8098B5D}.Debug|iPhoneSimulator.ActiveCfg = Debug|iPhoneSimulator
		{31B1FCA5-4F84-4E37-8E47-346AB8098B5D}.Debug|iPhoneSimulator.Build.0 = Debug|iPhoneSimulator
		{31B1FCA5-4F84-4E37-8E47-346AB8098B5D}.Debug|x64.ActiveCfg = Debug|iPhone
		{31B1FCA5-4F84-4E37-8E47-346AB8098B5D}.Debug|x86.ActiveCfg = Debug|iPhone
		{31B1FCA5-4F84-4E37-8E47-346AB8098B5D}.Release|Any CPU.ActiveCfg = Release|iPhone
		{31B1FCA5-4F84-4E37-8E47-346AB8098B5D}.Release|ARM.ActiveCfg = Release|iPhone
		{31B1FCA5-4F84-4E37-8E47-346AB8098B5D}.Release|iPhone.ActiveCfg = Release|iPhone
		{31B1FCA5-4F84-4E37-8E47-346AB8098B5D}.Release|iPhone.Build.0 = Release|iPhone
		{31B1FCA5-4F84-4E37-8E47-346AB8098B5D}.Release|iPhoneSimulator.ActiveCfg = Release|iPhoneSimulator
		{31B1FCA5-4F84-4E37-8E47-346AB8098B5D}.Release|iPhoneSimulator.Build.0 = Release|iPhoneSimulator
		{31B1FCA5-4F84-4E37-8E47-346AB8098B5D}.Release|x64.ActiveCfg = Release|iPhone
		{31B1FCA5-4F84-4E37-8E47-346AB8098B5D}.Release|x86.ActiveCfg = Release|iPhone
		{5AE0B29A-DB3E-4849-A13B-D3DDACAB7B78}.Debug|Any CPU.ActiveCfg = Debug|Any CPU
		{5AE0B29A-DB3E-4849-A13B-D3DDACAB7B78}.Debug|Any CPU.Build.0 = Debug|Any CPU
		{5AE0B29A-DB3E-4849-A13B-D3DDACAB7B78}.Debug|ARM.ActiveCfg = Debug|Any CPU
		{5AE0B29A-DB3E-4849-A13B-D3DDACAB7B78}.Debug|ARM.Build.0 = Debug|Any CPU
		{5AE0B29A-DB3E-4849-A13B-D3DDACAB7B78}.Debug|iPhone.ActiveCfg = Debug|Any CPU
		{5AE0B29A-DB3E-4849-A13B-D3DDACAB7B78}.Debug|iPhone.Build.0 = Debug|Any CPU
		{5AE0B29A-DB3E-4849-A13B-D3DDACAB7B78}.Debug|iPhoneSimulator.ActiveCfg = Debug|Any CPU
		{5AE0B29A-DB3E-4849-A13B-D3DDACAB7B78}.Debug|iPhoneSimulator.Build.0 = Debug|Any CPU
		{5AE0B29A-DB3E-4849-A13B-D3DDACAB7B78}.Debug|x64.ActiveCfg = Debug|Any CPU
		{5AE0B29A-DB3E-4849-A13B-D3DDACAB7B78}.Debug|x64.Build.0 = Debug|Any CPU
		{5AE0B29A-DB3E-4849-A13B-D3DDACAB7B78}.Debug|x86.ActiveCfg = Debug|Any CPU
		{5AE0B29A-DB3E-4849-A13B-D3DDACAB7B78}.Debug|x86.Build.0 = Debug|Any CPU
		{5AE0B29A-DB3E-4849-A13B-D3DDACAB7B78}.Release|Any CPU.ActiveCfg = Release|Any CPU
		{5AE0B29A-DB3E-4849-A13B-D3DDACAB7B78}.Release|Any CPU.Build.0 = Release|Any CPU
		{5AE0B29A-DB3E-4849-A13B-D3DDACAB7B78}.Release|ARM.ActiveCfg = Release|Any CPU
		{5AE0B29A-DB3E-4849-A13B-D3DDACAB7B78}.Release|ARM.Build.0 = Release|Any CPU
		{5AE0B29A-DB3E-4849-A13B-D3DDACAB7B78}.Release|iPhone.ActiveCfg = Release|Any CPU
		{5AE0B29A-DB3E-4849-A13B-D3DDACAB7B78}.Release|iPhone.Build.0 = Release|Any CPU
		{5AE0B29A-DB3E-4849-A13B-D3DDACAB7B78}.Release|iPhoneSimulator.ActiveCfg = Release|Any CPU
		{5AE0B29A-DB3E-4849-A13B-D3DDACAB7B78}.Release|iPhoneSimulator.Build.0 = Release|Any CPU
		{5AE0B29A-DB3E-4849-A13B-D3DDACAB7B78}.Release|x64.ActiveCfg = Release|Any CPU
		{5AE0B29A-DB3E-4849-A13B-D3DDACAB7B78}.Release|x64.Build.0 = Release|Any CPU
		{5AE0B29A-DB3E-4849-A13B-D3DDACAB7B78}.Release|x86.ActiveCfg = Release|Any CPU
		{5AE0B29A-DB3E-4849-A13B-D3DDACAB7B78}.Release|x86.Build.0 = Release|Any CPU
		{C70FA5E0-7710-477D-BC4D-BAE1B5061CA8}.Debug|Any CPU.ActiveCfg = Debug|Any CPU
		{C70FA5E0-7710-477D-BC4D-BAE1B5061CA8}.Debug|Any CPU.Build.0 = Debug|Any CPU
		{C70FA5E0-7710-477D-BC4D-BAE1B5061CA8}.Debug|Any CPU.Deploy.0 = Debug|Any CPU
		{C70FA5E0-7710-477D-BC4D-BAE1B5061CA8}.Debug|ARM.ActiveCfg = Debug|Any CPU
		{C70FA5E0-7710-477D-BC4D-BAE1B5061CA8}.Debug|ARM.Build.0 = Debug|Any CPU
		{C70FA5E0-7710-477D-BC4D-BAE1B5061CA8}.Debug|ARM.Deploy.0 = Debug|Any CPU
		{C70FA5E0-7710-477D-BC4D-BAE1B5061CA8}.Debug|iPhone.ActiveCfg = Debug|Any CPU
		{C70FA5E0-7710-477D-BC4D-BAE1B5061CA8}.Debug|iPhone.Build.0 = Debug|Any CPU
		{C70FA5E0-7710-477D-BC4D-BAE1B5061CA8}.Debug|iPhone.Deploy.0 = Debug|Any CPU
		{C70FA5E0-7710-477D-BC4D-BAE1B5061CA8}.Debug|iPhoneSimulator.ActiveCfg = Debug|Any CPU
		{C70FA5E0-7710-477D-BC4D-BAE1B5061CA8}.Debug|iPhoneSimulator.Build.0 = Debug|Any CPU
		{C70FA5E0-7710-477D-BC4D-BAE1B5061CA8}.Debug|iPhoneSimulator.Deploy.0 = Debug|Any CPU
		{C70FA5E0-7710-477D-BC4D-BAE1B5061CA8}.Debug|x64.ActiveCfg = Debug|Any CPU
		{C70FA5E0-7710-477D-BC4D-BAE1B5061CA8}.Debug|x64.Build.0 = Debug|Any CPU
		{C70FA5E0-7710-477D-BC4D-BAE1B5061CA8}.Debug|x64.Deploy.0 = Debug|Any CPU
		{C70FA5E0-7710-477D-BC4D-BAE1B5061CA8}.Debug|x86.ActiveCfg = Debug|Any CPU
		{C70FA5E0-7710-477D-BC4D-BAE1B5061CA8}.Debug|x86.Build.0 = Debug|Any CPU
		{C70FA5E0-7710-477D-BC4D-BAE1B5061CA8}.Debug|x86.Deploy.0 = Debug|Any CPU
		{C70FA5E0-7710-477D-BC4D-BAE1B5061CA8}.Release|Any CPU.ActiveCfg = Release|Any CPU
		{C70FA5E0-7710-477D-BC4D-BAE1B5061CA8}.Release|Any CPU.Build.0 = Release|Any CPU
		{C70FA5E0-7710-477D-BC4D-BAE1B5061CA8}.Release|Any CPU.Deploy.0 = Release|Any CPU
		{C70FA5E0-7710-477D-BC4D-BAE1B5061CA8}.Release|ARM.ActiveCfg = Release|Any CPU
		{C70FA5E0-7710-477D-BC4D-BAE1B5061CA8}.Release|ARM.Build.0 = Release|Any CPU
		{C70FA5E0-7710-477D-BC4D-BAE1B5061CA8}.Release|ARM.Deploy.0 = Release|Any CPU
		{C70FA5E0-7710-477D-BC4D-BAE1B5061CA8}.Release|iPhone.ActiveCfg = Release|Any CPU
		{C70FA5E0-7710-477D-BC4D-BAE1B5061CA8}.Release|iPhone.Build.0 = Release|Any CPU
		{C70FA5E0-7710-477D-BC4D-BAE1B5061CA8}.Release|iPhone.Deploy.0 = Release|Any CPU
		{C70FA5E0-7710-477D-BC4D-BAE1B5061CA8}.Release|iPhoneSimulator.ActiveCfg = Release|Any CPU
		{C70FA5E0-7710-477D-BC4D-BAE1B5061CA8}.Release|iPhoneSimulator.Build.0 = Release|Any CPU
		{C70FA5E0-7710-477D-BC4D-BAE1B5061CA8}.Release|iPhoneSimulator.Deploy.0 = Release|Any CPU
		{C70FA5E0-7710-477D-BC4D-BAE1B5061CA8}.Release|x64.ActiveCfg = Release|Any CPU
		{C70FA5E0-7710-477D-BC4D-BAE1B5061CA8}.Release|x64.Build.0 = Release|Any CPU
		{C70FA5E0-7710-477D-BC4D-BAE1B5061CA8}.Release|x64.Deploy.0 = Release|Any CPU
		{C70FA5E0-7710-477D-BC4D-BAE1B5061CA8}.Release|x86.ActiveCfg = Release|Any CPU
		{C70FA5E0-7710-477D-BC4D-BAE1B5061CA8}.Release|x86.Build.0 = Release|Any CPU
		{C70FA5E0-7710-477D-BC4D-BAE1B5061CA8}.Release|x86.Deploy.0 = Release|Any CPU
		{9B81C898-7F33-40F8-9F64-D016A68D39CB}.Debug|Any CPU.ActiveCfg = Debug|iPhone
		{9B81C898-7F33-40F8-9F64-D016A68D39CB}.Debug|ARM.ActiveCfg = Debug|iPhone
		{9B81C898-7F33-40F8-9F64-D016A68D39CB}.Debug|iPhone.ActiveCfg = Debug|iPhone
		{9B81C898-7F33-40F8-9F64-D016A68D39CB}.Debug|iPhone.Build.0 = Debug|iPhone
		{9B81C898-7F33-40F8-9F64-D016A68D39CB}.Debug|iPhoneSimulator.ActiveCfg = Debug|iPhoneSimulator
		{9B81C898-7F33-40F8-9F64-D016A68D39CB}.Debug|iPhoneSimulator.Build.0 = Debug|iPhoneSimulator
		{9B81C898-7F33-40F8-9F64-D016A68D39CB}.Debug|x64.ActiveCfg = Debug|iPhone
		{9B81C898-7F33-40F8-9F64-D016A68D39CB}.Debug|x86.ActiveCfg = Debug|iPhone
		{9B81C898-7F33-40F8-9F64-D016A68D39CB}.Release|Any CPU.ActiveCfg = Release|iPhone
		{9B81C898-7F33-40F8-9F64-D016A68D39CB}.Release|ARM.ActiveCfg = Release|iPhone
		{9B81C898-7F33-40F8-9F64-D016A68D39CB}.Release|iPhone.ActiveCfg = Release|iPhone
		{9B81C898-7F33-40F8-9F64-D016A68D39CB}.Release|iPhone.Build.0 = Release|iPhone
		{9B81C898-7F33-40F8-9F64-D016A68D39CB}.Release|iPhoneSimulator.ActiveCfg = Release|iPhoneSimulator
		{9B81C898-7F33-40F8-9F64-D016A68D39CB}.Release|iPhoneSimulator.Build.0 = Release|iPhoneSimulator
		{9B81C898-7F33-40F8-9F64-D016A68D39CB}.Release|x64.ActiveCfg = Release|iPhone
		{9B81C898-7F33-40F8-9F64-D016A68D39CB}.Release|x86.ActiveCfg = Release|iPhone
		{F23AE3F2-ABF8-450A-B57F-B96061D0287B}.Debug|Any CPU.ActiveCfg = Debug|x86
		{F23AE3F2-ABF8-450A-B57F-B96061D0287B}.Debug|ARM.ActiveCfg = Debug|ARM
		{F23AE3F2-ABF8-450A-B57F-B96061D0287B}.Debug|ARM.Build.0 = Debug|ARM
		{F23AE3F2-ABF8-450A-B57F-B96061D0287B}.Debug|ARM.Deploy.0 = Debug|ARM
		{F23AE3F2-ABF8-450A-B57F-B96061D0287B}.Debug|iPhone.ActiveCfg = Debug|x86
		{F23AE3F2-ABF8-450A-B57F-B96061D0287B}.Debug|iPhoneSimulator.ActiveCfg = Debug|x86
		{F23AE3F2-ABF8-450A-B57F-B96061D0287B}.Debug|x64.ActiveCfg = Debug|x64
		{F23AE3F2-ABF8-450A-B57F-B96061D0287B}.Debug|x64.Build.0 = Debug|x64
		{F23AE3F2-ABF8-450A-B57F-B96061D0287B}.Debug|x64.Deploy.0 = Debug|x64
		{F23AE3F2-ABF8-450A-B57F-B96061D0287B}.Debug|x86.ActiveCfg = Debug|x86
		{F23AE3F2-ABF8-450A-B57F-B96061D0287B}.Debug|x86.Build.0 = Debug|x86
		{F23AE3F2-ABF8-450A-B57F-B96061D0287B}.Debug|x86.Deploy.0 = Debug|x86
		{F23AE3F2-ABF8-450A-B57F-B96061D0287B}.Release|Any CPU.ActiveCfg = Release|x86
		{F23AE3F2-ABF8-450A-B57F-B96061D0287B}.Release|ARM.ActiveCfg = Release|ARM
		{F23AE3F2-ABF8-450A-B57F-B96061D0287B}.Release|ARM.Build.0 = Release|ARM
		{F23AE3F2-ABF8-450A-B57F-B96061D0287B}.Release|ARM.Deploy.0 = Release|ARM
		{F23AE3F2-ABF8-450A-B57F-B96061D0287B}.Release|iPhone.ActiveCfg = Release|x86
		{F23AE3F2-ABF8-450A-B57F-B96061D0287B}.Release|iPhoneSimulator.ActiveCfg = Release|x86
		{F23AE3F2-ABF8-450A-B57F-B96061D0287B}.Release|x64.ActiveCfg = Release|x64
		{F23AE3F2-ABF8-450A-B57F-B96061D0287B}.Release|x64.Build.0 = Release|x64
		{F23AE3F2-ABF8-450A-B57F-B96061D0287B}.Release|x64.Deploy.0 = Release|x64
		{F23AE3F2-ABF8-450A-B57F-B96061D0287B}.Release|x86.ActiveCfg = Release|x86
		{F23AE3F2-ABF8-450A-B57F-B96061D0287B}.Release|x86.Build.0 = Release|x86
		{F23AE3F2-ABF8-450A-B57F-B96061D0287B}.Release|x86.Deploy.0 = Release|x86
		{753A31B4-4119-4286-B375-415FDBF18935}.Debug|Any CPU.ActiveCfg = Debug|iPhone
		{753A31B4-4119-4286-B375-415FDBF18935}.Debug|ARM.ActiveCfg = Debug|iPhone
		{753A31B4-4119-4286-B375-415FDBF18935}.Debug|iPhone.ActiveCfg = Debug|iPhone
		{753A31B4-4119-4286-B375-415FDBF18935}.Debug|iPhone.Build.0 = Debug|iPhone
		{753A31B4-4119-4286-B375-415FDBF18935}.Debug|iPhoneSimulator.ActiveCfg = Debug|iPhoneSimulator
		{753A31B4-4119-4286-B375-415FDBF18935}.Debug|iPhoneSimulator.Build.0 = Debug|iPhoneSimulator
		{753A31B4-4119-4286-B375-415FDBF18935}.Debug|x64.ActiveCfg = Debug|iPhone
		{753A31B4-4119-4286-B375-415FDBF18935}.Debug|x86.ActiveCfg = Debug|iPhone
		{753A31B4-4119-4286-B375-415FDBF18935}.Release|Any CPU.ActiveCfg = Release|iPhone
		{753A31B4-4119-4286-B375-415FDBF18935}.Release|ARM.ActiveCfg = Release|iPhone
		{753A31B4-4119-4286-B375-415FDBF18935}.Release|iPhone.ActiveCfg = Release|iPhone
		{753A31B4-4119-4286-B375-415FDBF18935}.Release|iPhone.Build.0 = Release|iPhone
		{753A31B4-4119-4286-B375-415FDBF18935}.Release|iPhoneSimulator.ActiveCfg = Release|iPhoneSimulator
		{753A31B4-4119-4286-B375-415FDBF18935}.Release|iPhoneSimulator.Build.0 = Release|iPhoneSimulator
		{753A31B4-4119-4286-B375-415FDBF18935}.Release|x64.ActiveCfg = Release|iPhone
		{753A31B4-4119-4286-B375-415FDBF18935}.Release|x86.ActiveCfg = Release|iPhone
	EndGlobalSection
	GlobalSection(SolutionProperties) = preSolution
		HideSolutionNode = FALSE
	EndGlobalSection
	GlobalSection(NestedProjects) = preSolution
		{35DE2CD9-A7B8-4871-A0F0-B7424343E1BA} = {FDB096EE-C7CB-46A1-BD87-3CE3A71EC01D}
		{000A28F4-A971-4E25-B340-DEE4170633B8} = {35DE2CD9-A7B8-4871-A0F0-B7424343E1BA}
		{ACBE4666-B134-4727-AE1F-C59BC1E40ABC} = {35DE2CD9-A7B8-4871-A0F0-B7424343E1BA}
		{62B05CE0-435F-48B4-9BFA-C458420CC88A} = {000A28F4-A971-4E25-B340-DEE4170633B8}
		{958EC810-2346-48C1-A9D5-1CD4AB3E3A14} = {000A28F4-A971-4E25-B340-DEE4170633B8}
		{3E9EFCB7-CD3F-4A06-9CDE-95BA98D5A71A} = {000A28F4-A971-4E25-B340-DEE4170633B8}
		{B489A6CD-957B-4235-B919-4B9F33DE72EF} = {000A28F4-A971-4E25-B340-DEE4170633B8}
		{137E5FC5-01A2-4845-9191-30C360EC3E81} = {ACBE4666-B134-4727-AE1F-C59BC1E40ABC}
		{448050ED-E833-452E-960B-2E6485C4B371} = {FDB096EE-C7CB-46A1-BD87-3CE3A71EC01D}
		{0E891279-93F0-42A8-B163-E43F69833438} = {448050ED-E833-452E-960B-2E6485C4B371}
		{9F826D80-3A9D-4AC6-AEDC-A889F3083C4C} = {448050ED-E833-452E-960B-2E6485C4B371}
		{4E1290D2-5579-4FBA-B233-54C6302F55A3} = {448050ED-E833-452E-960B-2E6485C4B371}
		{05D2659E-2266-467F-8B6D-B80CA9016613} = {448050ED-E833-452E-960B-2E6485C4B371}
		{A72DB4EC-4B17-4ACE-A9CC-1D0AEED23C75} = {D0661EE1-03F0-4624-A8F6-EFCB667B24D0}
		{41E6CB35-4786-43E0-9AD4-FAEAB10B9C74} = {D0661EE1-03F0-4624-A8F6-EFCB667B24D0}
		{7556239F-24E1-48D3-8F10-C5FA68223851} = {A72DB4EC-4B17-4ACE-A9CC-1D0AEED23C75}
		{D59DBA8F-5F45-463F-A6C0-95AD391B1E35} = {41E6CB35-4786-43E0-9AD4-FAEAB10B9C74}
		{712FC3F9-6DDB-476C-B2DE-19F19DA4848B} = {4FF9B8EF-AECD-4E47-82DC-66C0E206BF53}
		{ECB87211-47FC-49EB-B4F9-43E0D817E63E} = {4FF9B8EF-AECD-4E47-82DC-66C0E206BF53}
		{FE22E4C0-6A23-494F-ABA2-24B1EAA20F43} = {4FF9B8EF-AECD-4E47-82DC-66C0E206BF53}
		{B933EF9D-D7DB-45F3-80C6-8D973C845DB3} = {712FC3F9-6DDB-476C-B2DE-19F19DA4848B}
		{66F9A5E9-9056-411B-9D23-F5762E4A4683} = {712FC3F9-6DDB-476C-B2DE-19F19DA4848B}
		{C1F1F511-D4D5-43C4-B545-7BA4CF552BC6} = {712FC3F9-6DDB-476C-B2DE-19F19DA4848B}
		{1E01A28C-35B0-4A7E-9BEF-13E54AB707EC} = {ECB87211-47FC-49EB-B4F9-43E0D817E63E}
		{019F4553-397A-4A6C-A2FC-A8C39BEE0F51} = {ECB87211-47FC-49EB-B4F9-43E0D817E63E}
		{5845D78E-3992-4A5E-BCCE-1352E8A7CEE3} = {ECB87211-47FC-49EB-B4F9-43E0D817E63E}
		{E73A90FB-A734-47EA-AC1B-BA7743623E92} = {ECB87211-47FC-49EB-B4F9-43E0D817E63E}
		{FD2E5DA0-90D0-44C4-9309-5036CF0CD293} = {FE22E4C0-6A23-494F-ABA2-24B1EAA20F43}
		{914A4BEA-D1D9-4731-934D-F2009A18FA0D} = {FE22E4C0-6A23-494F-ABA2-24B1EAA20F43}
		{31B1FCA5-4F84-4E37-8E47-346AB8098B5D} = {FE22E4C0-6A23-494F-ABA2-24B1EAA20F43}
		{728999B4-9DD7-4856-AB9A-A83DB30220A5} = {4FF9B8EF-AECD-4E47-82DC-66C0E206BF53}
		{5AE0B29A-DB3E-4849-A13B-D3DDACAB7B78} = {728999B4-9DD7-4856-AB9A-A83DB30220A5}
		{C70FA5E0-7710-477D-BC4D-BAE1B5061CA8} = {728999B4-9DD7-4856-AB9A-A83DB30220A5}
		{9B81C898-7F33-40F8-9F64-D016A68D39CB} = {728999B4-9DD7-4856-AB9A-A83DB30220A5}
		{F23AE3F2-ABF8-450A-B57F-B96061D0287B} = {728999B4-9DD7-4856-AB9A-A83DB30220A5}
		{753A31B4-4119-4286-B375-415FDBF18935} = {C99C22F1-7A45-453B-B502-851063725A48}
	EndGlobalSection
	GlobalSection(ExtensibilityGlobals) = postSolution
		SolutionGuid = {FD8629AC-C279-4407-B84B-2D3A852C470A}
	EndGlobalSection
EndGlobal
