
Microsoft Visual Studio Solution File, Format Version 12.00
# Visual Studio Version 16
VisualStudioVersion = 16.0.29306.81
MinimumVisualStudioVersion = 10.0.40219.1
Project("{FAE04EC0-301F-11D3-BF4B-00C04F79EFBC}") = "AwesomeApp.Android", "AwesomeApp\AwesomeApp.Android\AwesomeApp.Android.csproj", "{66F9A5E9-9056-411B-9D23-F5762E4A4683}"
EndProject
Project("{FAE04EC0-301F-11D3-BF4B-00C04F79EFBC}") = "AwesomeApp.iOS", "AwesomeApp\AwesomeApp.iOS\AwesomeApp.iOS.csproj", "{C1F1F511-D4D5-43C4-B545-7BA4CF552BC6}"
EndProject
Project("{9A19103F-16F7-4668-BE54-9A1E7A4F7556}") = "AwesomeApp", "AwesomeApp\AwesomeApp\AwesomeApp.csproj", "{A54E1D4D-7952-4E03-982B-11681AF554F4}"
EndProject
Project("{FAE04EC0-301F-11D3-BF4B-00C04F79EFBC}") = "Notes.Android", "Notes\Notes.Android\Notes.Android.csproj", "{914A4BEA-D1D9-4731-934D-F2009A18FA0D}"
EndProject
Project("{FAE04EC0-301F-11D3-BF4B-00C04F79EFBC}") = "Notes.iOS", "Notes\Notes.iOS\Notes.iOS.csproj", "{31B1FCA5-4F84-4E37-8E47-346AB8098B5D}"
EndProject
Project("{9A19103F-16F7-4668-BE54-9A1E7A4F7556}") = "Notes", "Notes\Notes\Notes.csproj", "{5CD68BBA-EB45-4C21-818D-DE3CFC6EC9DF}"
EndProject
Project("{FAE04EC0-301F-11D3-BF4B-00C04F79EFBC}") = "FromPractice.UWP", "FromPractice\FromPractice.UWP\FromPractice.UWP.csproj", "{E73A90FB-A734-47EA-AC1B-BA7743623E92}"
EndProject
Project("{FAE04EC0-301F-11D3-BF4B-00C04F79EFBC}") = "FromPractice.Android", "FromPractice\FromPractice.Android\FromPractice.Android.csproj", "{019F4553-397A-4A6C-A2FC-A8C39BEE0F51}"
EndProject
Project("{FAE04EC0-301F-11D3-BF4B-00C04F79EFBC}") = "FromPractice.iOS", "FromPractice\FromPractice.iOS\FromPractice.iOS.csproj", "{5845D78E-3992-4A5E-BCCE-1352E8A7CEE3}"
EndProject
Project("{9A19103F-16F7-4668-BE54-9A1E7A4F7556}") = "FromPractice", "FromPractice\FromPractice\FromPractice.csproj", "{996877F0-9AF2-44EA-8F8E-24B2FC8B98B7}"
EndProject
Project("{FAE04EC0-301F-11D3-BF4B-00C04F79EFBC}") = "AndroidDevice.Android", "AndroidDevice\AndroidDevice.Android\AndroidDevice.Android.csproj", "{A8AD0C95-549C-4B72-B107-BC6AE9B4459A}"
EndProject
Project("{FAE04EC0-301F-11D3-BF4B-00C04F79EFBC}") = "AndroidDevice.iOS", "AndroidDevice\AndroidDevice.iOS\AndroidDevice.iOS.csproj", "{E35E3396-2961-4F44-B142-7C2D5D82704D}"
EndProject
Project("{9A19103F-16F7-4668-BE54-9A1E7A4F7556}") = "AndroidDevice", "AndroidDevice\AndroidDevice\AndroidDevice.csproj", "{84EE5A7E-6626-4C1F-9632-40C2B2EDE258}"
EndProject
Global
	GlobalSection(SolutionConfigurationPlatforms) = preSolution
		Debug|Any CPU = Debug|Any CPU
		Debug|ARM = Debug|ARM
		Debug|iPhone = Debug|iPhone
		Debug|iPhoneSimulator = Debug|iPhoneSimulator
		Debug|x64 = Debug|x64
		Debug|x86 = Debug|x86
		Release|Any CPU = Release|Any CPU
		Release|ARM = Release|ARM
		Release|iPhone = Release|iPhone
		Release|iPhoneSimulator = Release|iPhoneSimulator
		Release|x64 = Release|x64
		Release|x86 = Release|x86
	EndGlobalSection
	GlobalSection(ProjectConfigurationPlatforms) = postSolution
		{66F9A5E9-9056-411B-9D23-F5762E4A4683}.Debug|Any CPU.ActiveCfg = Debug|Any CPU
		{66F9A5E9-9056-411B-9D23-F5762E4A4683}.Debug|Any CPU.Build.0 = Debug|Any CPU
		{66F9A5E9-9056-411B-9D23-F5762E4A4683}.Debug|Any CPU.Deploy.0 = Debug|Any CPU
		{66F9A5E9-9056-411B-9D23-F5762E4A4683}.Debug|ARM.ActiveCfg = Debug|Any CPU
		{66F9A5E9-9056-411B-9D23-F5762E4A4683}.Debug|ARM.Build.0 = Debug|Any CPU
		{66F9A5E9-9056-411B-9D23-F5762E4A4683}.Debug|ARM.Deploy.0 = Debug|Any CPU
		{66F9A5E9-9056-411B-9D23-F5762E4A4683}.Debug|iPhone.ActiveCfg = Debug|Any CPU
		{66F9A5E9-9056-411B-9D23-F5762E4A4683}.Debug|iPhone.Build.0 = Debug|Any CPU
		{66F9A5E9-9056-411B-9D23-F5762E4A4683}.Debug|iPhone.Deploy.0 = Debug|Any CPU
		{66F9A5E9-9056-411B-9D23-F5762E4A4683}.Debug|iPhoneSimulator.ActiveCfg = Debug|Any CPU
		{66F9A5E9-9056-411B-9D23-F5762E4A4683}.Debug|iPhoneSimulator.Build.0 = Debug|Any CPU
		{66F9A5E9-9056-411B-9D23-F5762E4A4683}.Debug|iPhoneSimulator.Deploy.0 = Debug|Any CPU
		{66F9A5E9-9056-411B-9D23-F5762E4A4683}.Debug|x64.ActiveCfg = Debug|Any CPU
		{66F9A5E9-9056-411B-9D23-F5762E4A4683}.Debug|x64.Build.0 = Debug|Any CPU
		{66F9A5E9-9056-411B-9D23-F5762E4A4683}.Debug|x64.Deploy.0 = Debug|Any CPU
		{66F9A5E9-9056-411B-9D23-F5762E4A4683}.Debug|x86.ActiveCfg = Debug|Any CPU
		{66F9A5E9-9056-411B-9D23-F5762E4A4683}.Debug|x86.Build.0 = Debug|Any CPU
		{66F9A5E9-9056-411B-9D23-F5762E4A4683}.Debug|x86.Deploy.0 = Debug|Any CPU
		{66F9A5E9-9056-411B-9D23-F5762E4A4683}.Release|Any CPU.ActiveCfg = Release|Any CPU
		{66F9A5E9-9056-411B-9D23-F5762E4A4683}.Release|Any CPU.Build.0 = Release|Any CPU
		{66F9A5E9-9056-411B-9D23-F5762E4A4683}.Release|Any CPU.Deploy.0 = Release|Any CPU
		{66F9A5E9-9056-411B-9D23-F5762E4A4683}.Release|ARM.ActiveCfg = Release|Any CPU
		{66F9A5E9-9056-411B-9D23-F5762E4A4683}.Release|ARM.Build.0 = Release|Any CPU
		{66F9A5E9-9056-411B-9D23-F5762E4A4683}.Release|ARM.Deploy.0 = Release|Any CPU
		{66F9A5E9-9056-411B-9D23-F5762E4A4683}.Release|iPhone.ActiveCfg = Release|Any CPU
		{66F9A5E9-9056-411B-9D23-F5762E4A4683}.Release|iPhone.Build.0 = Release|Any CPU
		{66F9A5E9-9056-411B-9D23-F5762E4A4683}.Release|iPhone.Deploy.0 = Release|Any CPU
		{66F9A5E9-9056-411B-9D23-F5762E4A4683}.Release|iPhoneSimulator.ActiveCfg = Release|Any CPU
		{66F9A5E9-9056-411B-9D23-F5762E4A4683}.Release|iPhoneSimulator.Build.0 = Release|Any CPU
		{66F9A5E9-9056-411B-9D23-F5762E4A4683}.Release|iPhoneSimulator.Deploy.0 = Release|Any CPU
		{66F9A5E9-9056-411B-9D23-F5762E4A4683}.Release|x64.ActiveCfg = Release|Any CPU
		{66F9A5E9-9056-411B-9D23-F5762E4A4683}.Release|x64.Build.0 = Release|Any CPU
		{66F9A5E9-9056-411B-9D23-F5762E4A4683}.Release|x64.Deploy.0 = Release|Any CPU
		{66F9A5E9-9056-411B-9D23-F5762E4A4683}.Release|x86.ActiveCfg = Release|Any CPU
		{66F9A5E9-9056-411B-9D23-F5762E4A4683}.Release|x86.Build.0 = Release|Any CPU
		{66F9A5E9-9056-411B-9D23-F5762E4A4683}.Release|x86.Deploy.0 = Release|Any CPU
		{C1F1F511-D4D5-43C4-B545-7BA4CF552BC6}.Debug|Any CPU.ActiveCfg = Debug|iPhoneSimulator
		{C1F1F511-D4D5-43C4-B545-7BA4CF552BC6}.Debug|Any CPU.Build.0 = Debug|iPhoneSimulator
		{C1F1F511-D4D5-43C4-B545-7BA4CF552BC6}.Debug|Any CPU.Deploy.0 = Debug|iPhoneSimulator
		{C1F1F511-D4D5-43C4-B545-7BA4CF552BC6}.Debug|ARM.ActiveCfg = Debug|iPhone
		{C1F1F511-D4D5-43C4-B545-7BA4CF552BC6}.Debug|iPhone.ActiveCfg = Debug|iPhone
		{C1F1F511-D4D5-43C4-B545-7BA4CF552BC6}.Debug|iPhone.Build.0 = Debug|iPhone
		{C1F1F511-D4D5-43C4-B545-7BA4CF552BC6}.Debug|iPhone.Deploy.0 = Debug|iPhone
		{C1F1F511-D4D5-43C4-B545-7BA4CF552BC6}.Debug|iPhoneSimulator.ActiveCfg = Debug|iPhoneSimulator
		{C1F1F511-D4D5-43C4-B545-7BA4CF552BC6}.Debug|iPhoneSimulator.Build.0 = Debug|iPhoneSimulator
		{C1F1F511-D4D5-43C4-B545-7BA4CF552BC6}.Debug|iPhoneSimulator.Deploy.0 = Debug|iPhoneSimulator
		{C1F1F511-D4D5-43C4-B545-7BA4CF552BC6}.Debug|x64.ActiveCfg = Debug|iPhone
		{C1F1F511-D4D5-43C4-B545-7BA4CF552BC6}.Debug|x86.ActiveCfg = Debug|iPhone
		{C1F1F511-D4D5-43C4-B545-7BA4CF552BC6}.Release|Any CPU.ActiveCfg = Release|iPhone
		{C1F1F511-D4D5-43C4-B545-7BA4CF552BC6}.Release|Any CPU.Build.0 = Release|iPhone
		{C1F1F511-D4D5-43C4-B545-7BA4CF552BC6}.Release|Any CPU.Deploy.0 = Release|iPhone
		{C1F1F511-D4D5-43C4-B545-7BA4CF552BC6}.Release|ARM.ActiveCfg = Release|iPhoneSimulator
		{C1F1F511-D4D5-43C4-B545-7BA4CF552BC6}.Release|iPhone.ActiveCfg = Release|iPhone
		{C1F1F511-D4D5-43C4-B545-7BA4CF552BC6}.Release|iPhone.Build.0 = Release|iPhone
		{C1F1F511-D4D5-43C4-B545-7BA4CF552BC6}.Release|iPhone.Deploy.0 = Release|iPhone
		{C1F1F511-D4D5-43C4-B545-7BA4CF552BC6}.Release|iPhoneSimulator.ActiveCfg = Release|iPhoneSimulator
		{C1F1F511-D4D5-43C4-B545-7BA4CF552BC6}.Release|iPhoneSimulator.Build.0 = Release|iPhoneSimulator
		{C1F1F511-D4D5-43C4-B545-7BA4CF552BC6}.Release|iPhoneSimulator.Deploy.0 = Release|iPhoneSimulator
		{C1F1F511-D4D5-43C4-B545-7BA4CF552BC6}.Release|x64.ActiveCfg = Release|iPhoneSimulator
		{C1F1F511-D4D5-43C4-B545-7BA4CF552BC6}.Release|x86.ActiveCfg = Release|iPhoneSimulator
		{A54E1D4D-7952-4E03-982B-11681AF554F4}.Debug|Any CPU.ActiveCfg = Debug|Any CPU
		{A54E1D4D-7952-4E03-982B-11681AF554F4}.Debug|Any CPU.Build.0 = Debug|Any CPU
		{A54E1D4D-7952-4E03-982B-11681AF554F4}.Debug|Any CPU.Deploy.0 = Debug|Any CPU
		{A54E1D4D-7952-4E03-982B-11681AF554F4}.Debug|ARM.ActiveCfg = Debug|Any CPU
		{A54E1D4D-7952-4E03-982B-11681AF554F4}.Debug|ARM.Build.0 = Debug|Any CPU
		{A54E1D4D-7952-4E03-982B-11681AF554F4}.Debug|iPhone.ActiveCfg = Debug|Any CPU
		{A54E1D4D-7952-4E03-982B-11681AF554F4}.Debug|iPhone.Build.0 = Debug|Any CPU
		{A54E1D4D-7952-4E03-982B-11681AF554F4}.Debug|iPhone.Deploy.0 = Debug|Any CPU
		{A54E1D4D-7952-4E03-982B-11681AF554F4}.Debug|iPhoneSimulator.ActiveCfg = Debug|Any CPU
		{A54E1D4D-7952-4E03-982B-11681AF554F4}.Debug|iPhoneSimulator.Build.0 = Debug|Any CPU
		{A54E1D4D-7952-4E03-982B-11681AF554F4}.Debug|iPhoneSimulator.Deploy.0 = Debug|Any CPU
		{A54E1D4D-7952-4E03-982B-11681AF554F4}.Debug|x64.ActiveCfg = Debug|Any CPU
		{A54E1D4D-7952-4E03-982B-11681AF554F4}.Debug|x64.Build.0 = Debug|Any CPU
		{A54E1D4D-7952-4E03-982B-11681AF554F4}.Debug|x86.ActiveCfg = Debug|Any CPU
		{A54E1D4D-7952-4E03-982B-11681AF554F4}.Debug|x86.Build.0 = Debug|Any CPU
		{A54E1D4D-7952-4E03-982B-11681AF554F4}.Release|Any CPU.ActiveCfg = Release|Any CPU
		{A54E1D4D-7952-4E03-982B-11681AF554F4}.Release|Any CPU.Build.0 = Release|Any CPU
		{A54E1D4D-7952-4E03-982B-11681AF554F4}.Release|Any CPU.Deploy.0 = Release|Any CPU
		{A54E1D4D-7952-4E03-982B-11681AF554F4}.Release|ARM.ActiveCfg = Release|Any CPU
		{A54E1D4D-7952-4E03-982B-11681AF554F4}.Release|ARM.Build.0 = Release|Any CPU
		{A54E1D4D-7952-4E03-982B-11681AF554F4}.Release|iPhone.ActiveCfg = Release|Any CPU
		{A54E1D4D-7952-4E03-982B-11681AF554F4}.Release|iPhone.Build.0 = Release|Any CPU
		{A54E1D4D-7952-4E03-982B-11681AF554F4}.Release|iPhone.Deploy.0 = Release|Any CPU
		{A54E1D4D-7952-4E03-982B-11681AF554F4}.Release|iPhoneSimulator.ActiveCfg = Release|Any CPU
		{A54E1D4D-7952-4E03-982B-11681AF554F4}.Release|iPhoneSimulator.Build.0 = Release|Any CPU
		{A54E1D4D-7952-4E03-982B-11681AF554F4}.Release|iPhoneSimulator.Deploy.0 = Release|Any CPU
		{A54E1D4D-7952-4E03-982B-11681AF554F4}.Release|x64.ActiveCfg = Release|Any CPU
		{A54E1D4D-7952-4E03-982B-11681AF554F4}.Release|x64.Build.0 = Release|Any CPU
		{A54E1D4D-7952-4E03-982B-11681AF554F4}.Release|x86.ActiveCfg = Release|Any CPU
		{A54E1D4D-7952-4E03-982B-11681AF554F4}.Release|x86.Build.0 = Release|Any CPU
		{914A4BEA-D1D9-4731-934D-F2009A18FA0D}.Debug|Any CPU.ActiveCfg = Debug|Any CPU
		{914A4BEA-D1D9-4731-934D-F2009A18FA0D}.Debug|Any CPU.Build.0 = Debug|Any CPU
		{914A4BEA-D1D9-4731-934D-F2009A18FA0D}.Debug|Any CPU.Deploy.0 = Debug|Any CPU
		{914A4BEA-D1D9-4731-934D-F2009A18FA0D}.Debug|ARM.ActiveCfg = Debug|Any CPU
		{914A4BEA-D1D9-4731-934D-F2009A18FA0D}.Debug|ARM.Build.0 = Debug|Any CPU
		{914A4BEA-D1D9-4731-934D-F2009A18FA0D}.Debug|ARM.Deploy.0 = Debug|Any CPU
		{914A4BEA-D1D9-4731-934D-F2009A18FA0D}.Debug|iPhone.ActiveCfg = Debug|Any CPU
		{914A4BEA-D1D9-4731-934D-F2009A18FA0D}.Debug|iPhone.Build.0 = Debug|Any CPU
		{914A4BEA-D1D9-4731-934D-F2009A18FA0D}.Debug|iPhone.Deploy.0 = Debug|Any CPU
		{914A4BEA-D1D9-4731-934D-F2009A18FA0D}.Debug|iPhoneSimulator.ActiveCfg = Debug|Any CPU
		{914A4BEA-D1D9-4731-934D-F2009A18FA0D}.Debug|iPhoneSimulator.Build.0 = Debug|Any CPU
		{914A4BEA-D1D9-4731-934D-F2009A18FA0D}.Debug|iPhoneSimulator.Deploy.0 = Debug|Any CPU
		{914A4BEA-D1D9-4731-934D-F2009A18FA0D}.Debug|x64.ActiveCfg = Debug|Any CPU
		{914A4BEA-D1D9-4731-934D-F2009A18FA0D}.Debug|x64.Build.0 = Debug|Any CPU
		{914A4BEA-D1D9-4731-934D-F2009A18FA0D}.Debug|x64.Deploy.0 = Debug|Any CPU
		{914A4BEA-D1D9-4731-934D-F2009A18FA0D}.Debug|x86.ActiveCfg = Debug|Any CPU
		{914A4BEA-D1D9-4731-934D-F2009A18FA0D}.Debug|x86.Build.0 = Debug|Any CPU
		{914A4BEA-D1D9-4731-934D-F2009A18FA0D}.Debug|x86.Deploy.0 = Debug|Any CPU
		{914A4BEA-D1D9-4731-934D-F2009A18FA0D}.Release|Any CPU.ActiveCfg = Release|Any CPU
		{914A4BEA-D1D9-4731-934D-F2009A18FA0D}.Release|Any CPU.Build.0 = Release|Any CPU
		{914A4BEA-D1D9-4731-934D-F2009A18FA0D}.Release|Any CPU.Deploy.0 = Release|Any CPU
		{914A4BEA-D1D9-4731-934D-F2009A18FA0D}.Release|ARM.ActiveCfg = Release|Any CPU
		{914A4BEA-D1D9-4731-934D-F2009A18FA0D}.Release|ARM.Build.0 = Release|Any CPU
		{914A4BEA-D1D9-4731-934D-F2009A18FA0D}.Release|ARM.Deploy.0 = Release|Any CPU
		{914A4BEA-D1D9-4731-934D-F2009A18FA0D}.Release|iPhone.ActiveCfg = Release|Any CPU
		{914A4BEA-D1D9-4731-934D-F2009A18FA0D}.Release|iPhone.Build.0 = Release|Any CPU
		{914A4BEA-D1D9-4731-934D-F2009A18FA0D}.Release|iPhone.Deploy.0 = Release|Any CPU
		{914A4BEA-D1D9-4731-934D-F2009A18FA0D}.Release|iPhoneSimulator.ActiveCfg = Release|Any CPU
		{914A4BEA-D1D9-4731-934D-F2009A18FA0D}.Release|iPhoneSimulator.Build.0 = Release|Any CPU
		{914A4BEA-D1D9-4731-934D-F2009A18FA0D}.Release|iPhoneSimulator.Deploy.0 = Release|Any CPU
		{914A4BEA-D1D9-4731-934D-F2009A18FA0D}.Release|x64.ActiveCfg = Release|Any CPU
		{914A4BEA-D1D9-4731-934D-F2009A18FA0D}.Release|x64.Build.0 = Release|Any CPU
		{914A4BEA-D1D9-4731-934D-F2009A18FA0D}.Release|x64.Deploy.0 = Release|Any CPU
		{914A4BEA-D1D9-4731-934D-F2009A18FA0D}.Release|x86.ActiveCfg = Release|Any CPU
		{914A4BEA-D1D9-4731-934D-F2009A18FA0D}.Release|x86.Build.0 = Release|Any CPU
		{914A4BEA-D1D9-4731-934D-F2009A18FA0D}.Release|x86.Deploy.0 = Release|Any CPU
		{31B1FCA5-4F84-4E37-8E47-346AB8098B5D}.Debug|Any CPU.ActiveCfg = Debug|iPhone
		{31B1FCA5-4F84-4E37-8E47-346AB8098B5D}.Debug|ARM.ActiveCfg = Debug|iPhoneSimulator
		{31B1FCA5-4F84-4E37-8E47-346AB8098B5D}.Debug|iPhone.ActiveCfg = Debug|iPhone
		{31B1FCA5-4F84-4E37-8E47-346AB8098B5D}.Debug|iPhone.Build.0 = Debug|iPhone
		{31B1FCA5-4F84-4E37-8E47-346AB8098B5D}.Debug|iPhoneSimulator.ActiveCfg = Debug|iPhoneSimulator
		{31B1FCA5-4F84-4E37-8E47-346AB8098B5D}.Debug|iPhoneSimulator.Build.0 = Debug|iPhoneSimulator
		{31B1FCA5-4F84-4E37-8E47-346AB8098B5D}.Debug|x64.ActiveCfg = Debug|iPhoneSimulator
		{31B1FCA5-4F84-4E37-8E47-346AB8098B5D}.Debug|x86.ActiveCfg = Debug|iPhoneSimulator
		{31B1FCA5-4F84-4E37-8E47-346AB8098B5D}.Release|Any CPU.ActiveCfg = Release|iPhone
		{31B1FCA5-4F84-4E37-8E47-346AB8098B5D}.Release|ARM.ActiveCfg = Release|iPhoneSimulator
		{31B1FCA5-4F84-4E37-8E47-346AB8098B5D}.Release|iPhone.ActiveCfg = Release|iPhone
		{31B1FCA5-4F84-4E37-8E47-346AB8098B5D}.Release|iPhone.Build.0 = Release|iPhone
		{31B1FCA5-4F84-4E37-8E47-346AB8098B5D}.Release|iPhoneSimulator.ActiveCfg = Release|iPhoneSimulator
		{31B1FCA5-4F84-4E37-8E47-346AB8098B5D}.Release|iPhoneSimulator.Build.0 = Release|iPhoneSimulator
		{31B1FCA5-4F84-4E37-8E47-346AB8098B5D}.Release|x64.ActiveCfg = Release|iPhoneSimulator
		{31B1FCA5-4F84-4E37-8E47-346AB8098B5D}.Release|x86.ActiveCfg = Release|iPhoneSimulator
		{5CD68BBA-EB45-4C21-818D-DE3CFC6EC9DF}.Debug|Any CPU.ActiveCfg = Debug|Any CPU
		{5CD68BBA-EB45-4C21-818D-DE3CFC6EC9DF}.Debug|Any CPU.Build.0 = Debug|Any CPU
		{5CD68BBA-EB45-4C21-818D-DE3CFC6EC9DF}.Debug|ARM.ActiveCfg = Debug|Any CPU
		{5CD68BBA-EB45-4C21-818D-DE3CFC6EC9DF}.Debug|ARM.Build.0 = Debug|Any CPU
		{5CD68BBA-EB45-4C21-818D-DE3CFC6EC9DF}.Debug|iPhone.ActiveCfg = Debug|Any CPU
		{5CD68BBA-EB45-4C21-818D-DE3CFC6EC9DF}.Debug|iPhone.Build.0 = Debug|Any CPU
		{5CD68BBA-EB45-4C21-818D-DE3CFC6EC9DF}.Debug|iPhoneSimulator.ActiveCfg = Debug|Any CPU
		{5CD68BBA-EB45-4C21-818D-DE3CFC6EC9DF}.Debug|iPhoneSimulator.Build.0 = Debug|Any CPU
		{5CD68BBA-EB45-4C21-818D-DE3CFC6EC9DF}.Debug|x64.ActiveCfg = Debug|Any CPU
		{5CD68BBA-EB45-4C21-818D-DE3CFC6EC9DF}.Debug|x64.Build.0 = Debug|Any CPU
		{5CD68BBA-EB45-4C21-818D-DE3CFC6EC9DF}.Debug|x86.ActiveCfg = Debug|Any CPU
		{5CD68BBA-EB45-4C21-818D-DE3CFC6EC9DF}.Debug|x86.Build.0 = Debug|Any CPU
		{5CD68BBA-EB45-4C21-818D-DE3CFC6EC9DF}.Release|Any CPU.ActiveCfg = Release|Any CPU
		{5CD68BBA-EB45-4C21-818D-DE3CFC6EC9DF}.Release|Any CPU.Build.0 = Release|Any CPU
		{5CD68BBA-EB45-4C21-818D-DE3CFC6EC9DF}.Release|ARM.ActiveCfg = Release|Any CPU
		{5CD68BBA-EB45-4C21-818D-DE3CFC6EC9DF}.Release|ARM.Build.0 = Release|Any CPU
		{5CD68BBA-EB45-4C21-818D-DE3CFC6EC9DF}.Release|iPhone.ActiveCfg = Release|Any CPU
		{5CD68BBA-EB45-4C21-818D-DE3CFC6EC9DF}.Release|iPhone.Build.0 = Release|Any CPU
		{5CD68BBA-EB45-4C21-818D-DE3CFC6EC9DF}.Release|iPhoneSimulator.ActiveCfg = Release|Any CPU
		{5CD68BBA-EB45-4C21-818D-DE3CFC6EC9DF}.Release|iPhoneSimulator.Build.0 = Release|Any CPU
		{5CD68BBA-EB45-4C21-818D-DE3CFC6EC9DF}.Release|x64.ActiveCfg = Release|Any CPU
		{5CD68BBA-EB45-4C21-818D-DE3CFC6EC9DF}.Release|x64.Build.0 = Release|Any CPU
		{5CD68BBA-EB45-4C21-818D-DE3CFC6EC9DF}.Release|x86.ActiveCfg = Release|Any CPU
		{5CD68BBA-EB45-4C21-818D-DE3CFC6EC9DF}.Release|x86.Build.0 = Release|Any CPU
		{E73A90FB-A734-47EA-AC1B-BA7743623E92}.Debug|Any CPU.ActiveCfg = Debug|x86
		{E73A90FB-A734-47EA-AC1B-BA7743623E92}.Debug|ARM.ActiveCfg = Debug|ARM
		{E73A90FB-A734-47EA-AC1B-BA7743623E92}.Debug|ARM.Build.0 = Debug|ARM
		{E73A90FB-A734-47EA-AC1B-BA7743623E92}.Debug|ARM.Deploy.0 = Debug|ARM
		{E73A90FB-A734-47EA-AC1B-BA7743623E92}.Debug|iPhone.ActiveCfg = Debug|x86
		{E73A90FB-A734-47EA-AC1B-BA7743623E92}.Debug|iPhoneSimulator.ActiveCfg = Debug|x86
		{E73A90FB-A734-47EA-AC1B-BA7743623E92}.Debug|x64.ActiveCfg = Debug|x64
		{E73A90FB-A734-47EA-AC1B-BA7743623E92}.Debug|x64.Build.0 = Debug|x64
		{E73A90FB-A734-47EA-AC1B-BA7743623E92}.Debug|x64.Deploy.0 = Debug|x64
		{E73A90FB-A734-47EA-AC1B-BA7743623E92}.Debug|x86.ActiveCfg = Debug|x86
		{E73A90FB-A734-47EA-AC1B-BA7743623E92}.Debug|x86.Build.0 = Debug|x86
		{E73A90FB-A734-47EA-AC1B-BA7743623E92}.Debug|x86.Deploy.0 = Debug|x86
		{E73A90FB-A734-47EA-AC1B-BA7743623E92}.Release|Any CPU.ActiveCfg = Release|x86
		{E73A90FB-A734-47EA-AC1B-BA7743623E92}.Release|ARM.ActiveCfg = Release|ARM
		{E73A90FB-A734-47EA-AC1B-BA7743623E92}.Release|ARM.Build.0 = Release|ARM
		{E73A90FB-A734-47EA-AC1B-BA7743623E92}.Release|ARM.Deploy.0 = Release|ARM
		{E73A90FB-A734-47EA-AC1B-BA7743623E92}.Release|iPhone.ActiveCfg = Release|x86
		{E73A90FB-A734-47EA-AC1B-BA7743623E92}.Release|iPhoneSimulator.ActiveCfg = Release|x86
		{E73A90FB-A734-47EA-AC1B-BA7743623E92}.Release|x64.ActiveCfg = Release|x64
		{E73A90FB-A734-47EA-AC1B-BA7743623E92}.Release|x64.Build.0 = Release|x64
		{E73A90FB-A734-47EA-AC1B-BA7743623E92}.Release|x64.Deploy.0 = Release|x64
		{E73A90FB-A734-47EA-AC1B-BA7743623E92}.Release|x86.ActiveCfg = Release|x86
		{E73A90FB-A734-47EA-AC1B-BA7743623E92}.Release|x86.Build.0 = Release|x86
		{E73A90FB-A734-47EA-AC1B-BA7743623E92}.Release|x86.Deploy.0 = Release|x86
		{019F4553-397A-4A6C-A2FC-A8C39BEE0F51}.Debug|Any CPU.ActiveCfg = Debug|Any CPU
		{019F4553-397A-4A6C-A2FC-A8C39BEE0F51}.Debug|Any CPU.Build.0 = Debug|Any CPU
		{019F4553-397A-4A6C-A2FC-A8C39BEE0F51}.Debug|Any CPU.Deploy.0 = Debug|Any CPU
		{019F4553-397A-4A6C-A2FC-A8C39BEE0F51}.Debug|ARM.ActiveCfg = Debug|Any CPU
		{019F4553-397A-4A6C-A2FC-A8C39BEE0F51}.Debug|ARM.Build.0 = Debug|Any CPU
		{019F4553-397A-4A6C-A2FC-A8C39BEE0F51}.Debug|ARM.Deploy.0 = Debug|Any CPU
		{019F4553-397A-4A6C-A2FC-A8C39BEE0F51}.Debug|iPhone.ActiveCfg = Debug|Any CPU
		{019F4553-397A-4A6C-A2FC-A8C39BEE0F51}.Debug|iPhone.Build.0 = Debug|Any CPU
		{019F4553-397A-4A6C-A2FC-A8C39BEE0F51}.Debug|iPhone.Deploy.0 = Debug|Any CPU
		{019F4553-397A-4A6C-A2FC-A8C39BEE0F51}.Debug|iPhoneSimulator.ActiveCfg = Debug|Any CPU
		{019F4553-397A-4A6C-A2FC-A8C39BEE0F51}.Debug|iPhoneSimulator.Build.0 = Debug|Any CPU
		{019F4553-397A-4A6C-A2FC-A8C39BEE0F51}.Debug|iPhoneSimulator.Deploy.0 = Debug|Any CPU
		{019F4553-397A-4A6C-A2FC-A8C39BEE0F51}.Debug|x64.ActiveCfg = Debug|Any CPU
		{019F4553-397A-4A6C-A2FC-A8C39BEE0F51}.Debug|x64.Build.0 = Debug|Any CPU
		{019F4553-397A-4A6C-A2FC-A8C39BEE0F51}.Debug|x64.Deploy.0 = Debug|Any CPU
		{019F4553-397A-4A6C-A2FC-A8C39BEE0F51}.Debug|x86.ActiveCfg = Debug|Any CPU
		{019F4553-397A-4A6C-A2FC-A8C39BEE0F51}.Debug|x86.Build.0 = Debug|Any CPU
		{019F4553-397A-4A6C-A2FC-A8C39BEE0F51}.Debug|x86.Deploy.0 = Debug|Any CPU
		{019F4553-397A-4A6C-A2FC-A8C39BEE0F51}.Release|Any CPU.ActiveCfg = Release|Any CPU
		{019F4553-397A-4A6C-A2FC-A8C39BEE0F51}.Release|Any CPU.Build.0 = Release|Any CPU
		{019F4553-397A-4A6C-A2FC-A8C39BEE0F51}.Release|Any CPU.Deploy.0 = Release|Any CPU
		{019F4553-397A-4A6C-A2FC-A8C39BEE0F51}.Release|ARM.ActiveCfg = Release|Any CPU
		{019F4553-397A-4A6C-A2FC-A8C39BEE0F51}.Release|ARM.Build.0 = Release|Any CPU
		{019F4553-397A-4A6C-A2FC-A8C39BEE0F51}.Release|ARM.Deploy.0 = Release|Any CPU
		{019F4553-397A-4A6C-A2FC-A8C39BEE0F51}.Release|iPhone.ActiveCfg = Release|Any CPU
		{019F4553-397A-4A6C-A2FC-A8C39BEE0F51}.Release|iPhone.Build.0 = Release|Any CPU
		{019F4553-397A-4A6C-A2FC-A8C39BEE0F51}.Release|iPhone.Deploy.0 = Release|Any CPU
		{019F4553-397A-4A6C-A2FC-A8C39BEE0F51}.Release|iPhoneSimulator.ActiveCfg = Release|Any CPU
		{019F4553-397A-4A6C-A2FC-A8C39BEE0F51}.Release|iPhoneSimulator.Build.0 = Release|Any CPU
		{019F4553-397A-4A6C-A2FC-A8C39BEE0F51}.Release|iPhoneSimulator.Deploy.0 = Release|Any CPU
		{019F4553-397A-4A6C-A2FC-A8C39BEE0F51}.Release|x64.ActiveCfg = Release|Any CPU
		{019F4553-397A-4A6C-A2FC-A8C39BEE0F51}.Release|x64.Build.0 = Release|Any CPU
		{019F4553-397A-4A6C-A2FC-A8C39BEE0F51}.Release|x64.Deploy.0 = Release|Any CPU
		{019F4553-397A-4A6C-A2FC-A8C39BEE0F51}.Release|x86.ActiveCfg = Release|Any CPU
		{019F4553-397A-4A6C-A2FC-A8C39BEE0F51}.Release|x86.Build.0 = Release|Any CPU
		{019F4553-397A-4A6C-A2FC-A8C39BEE0F51}.Release|x86.Deploy.0 = Release|Any CPU
		{5845D78E-3992-4A5E-BCCE-1352E8A7CEE3}.Debug|Any CPU.ActiveCfg = Debug|iPhone
		{5845D78E-3992-4A5E-BCCE-1352E8A7CEE3}.Debug|ARM.ActiveCfg = Debug|iPhone
		{5845D78E-3992-4A5E-BCCE-1352E8A7CEE3}.Debug|iPhone.ActiveCfg = Debug|iPhone
		{5845D78E-3992-4A5E-BCCE-1352E8A7CEE3}.Debug|iPhone.Build.0 = Debug|iPhone
		{5845D78E-3992-4A5E-BCCE-1352E8A7CEE3}.Debug|iPhoneSimulator.ActiveCfg = Debug|iPhoneSimulator
		{5845D78E-3992-4A5E-BCCE-1352E8A7CEE3}.Debug|iPhoneSimulator.Build.0 = Debug|iPhoneSimulator
		{5845D78E-3992-4A5E-BCCE-1352E8A7CEE3}.Debug|x64.ActiveCfg = Debug|iPhone
		{5845D78E-3992-4A5E-BCCE-1352E8A7CEE3}.Debug|x86.ActiveCfg = Debug|iPhone
		{5845D78E-3992-4A5E-BCCE-1352E8A7CEE3}.Release|Any CPU.ActiveCfg = Release|iPhone
		{5845D78E-3992-4A5E-BCCE-1352E8A7CEE3}.Release|ARM.ActiveCfg = Release|iPhone
		{5845D78E-3992-4A5E-BCCE-1352E8A7CEE3}.Release|iPhone.ActiveCfg = Release|iPhone
		{5845D78E-3992-4A5E-BCCE-1352E8A7CEE3}.Release|iPhone.Build.0 = Release|iPhone
		{5845D78E-3992-4A5E-BCCE-1352E8A7CEE3}.Release|iPhoneSimulator.ActiveCfg = Release|iPhoneSimulator
		{5845D78E-3992-4A5E-BCCE-1352E8A7CEE3}.Release|iPhoneSimulator.Build.0 = Release|iPhoneSimulator
		{5845D78E-3992-4A5E-BCCE-1352E8A7CEE3}.Release|x64.ActiveCfg = Release|iPhone
		{5845D78E-3992-4A5E-BCCE-1352E8A7CEE3}.Release|x86.ActiveCfg = Release|iPhone
		{996877F0-9AF2-44EA-8F8E-24B2FC8B98B7}.Debug|Any CPU.ActiveCfg = Debug|Any CPU
		{996877F0-9AF2-44EA-8F8E-24B2FC8B98B7}.Debug|Any CPU.Build.0 = Debug|Any CPU
		{996877F0-9AF2-44EA-8F8E-24B2FC8B98B7}.Debug|ARM.ActiveCfg = Debug|Any CPU
		{996877F0-9AF2-44EA-8F8E-24B2FC8B98B7}.Debug|ARM.Build.0 = Debug|Any CPU
		{996877F0-9AF2-44EA-8F8E-24B2FC8B98B7}.Debug|iPhone.ActiveCfg = Debug|Any CPU
		{996877F0-9AF2-44EA-8F8E-24B2FC8B98B7}.Debug|iPhone.Build.0 = Debug|Any CPU
		{996877F0-9AF2-44EA-8F8E-24B2FC8B98B7}.Debug|iPhoneSimulator.ActiveCfg = Debug|Any CPU
		{996877F0-9AF2-44EA-8F8E-24B2FC8B98B7}.Debug|iPhoneSimulator.Build.0 = Debug|Any CPU
		{996877F0-9AF2-44EA-8F8E-24B2FC8B98B7}.Debug|x64.ActiveCfg = Debug|Any CPU
		{996877F0-9AF2-44EA-8F8E-24B2FC8B98B7}.Debug|x64.Build.0 = Debug|Any CPU
		{996877F0-9AF2-44EA-8F8E-24B2FC8B98B7}.Debug|x86.ActiveCfg = Debug|Any CPU
		{996877F0-9AF2-44EA-8F8E-24B2FC8B98B7}.Debug|x86.Build.0 = Debug|Any CPU
		{996877F0-9AF2-44EA-8F8E-24B2FC8B98B7}.Release|Any CPU.ActiveCfg = Release|Any CPU
		{996877F0-9AF2-44EA-8F8E-24B2FC8B98B7}.Release|Any CPU.Build.0 = Release|Any CPU
		{996877F0-9AF2-44EA-8F8E-24B2FC8B98B7}.Release|ARM.ActiveCfg = Release|Any CPU
		{996877F0-9AF2-44EA-8F8E-24B2FC8B98B7}.Release|ARM.Build.0 = Release|Any CPU
		{996877F0-9AF2-44EA-8F8E-24B2FC8B98B7}.Release|iPhone.ActiveCfg = Release|Any CPU
		{996877F0-9AF2-44EA-8F8E-24B2FC8B98B7}.Release|iPhone.Build.0 = Release|Any CPU
		{996877F0-9AF2-44EA-8F8E-24B2FC8B98B7}.Release|iPhoneSimulator.ActiveCfg = Release|Any CPU
		{996877F0-9AF2-44EA-8F8E-24B2FC8B98B7}.Release|iPhoneSimulator.Build.0 = Release|Any CPU
		{996877F0-9AF2-44EA-8F8E-24B2FC8B98B7}.Release|x64.ActiveCfg = Release|Any CPU
		{996877F0-9AF2-44EA-8F8E-24B2FC8B98B7}.Release|x64.Build.0 = Release|Any CPU
		{996877F0-9AF2-44EA-8F8E-24B2FC8B98B7}.Release|x86.ActiveCfg = Release|Any CPU
		{996877F0-9AF2-44EA-8F8E-24B2FC8B98B7}.Release|x86.Build.0 = Release|Any CPU
		{A8AD0C95-549C-4B72-B107-BC6AE9B4459A}.Debug|Any CPU.ActiveCfg = Debug|Any CPU
		{A8AD0C95-549C-4B72-B107-BC6AE9B4459A}.Debug|Any CPU.Build.0 = Debug|Any CPU
		{A8AD0C95-549C-4B72-B107-BC6AE9B4459A}.Debug|Any CPU.Deploy.0 = Debug|Any CPU
		{A8AD0C95-549C-4B72-B107-BC6AE9B4459A}.Debug|ARM.ActiveCfg = Debug|Any CPU
		{A8AD0C95-549C-4B72-B107-BC6AE9B4459A}.Debug|ARM.Build.0 = Debug|Any CPU
		{A8AD0C95-549C-4B72-B107-BC6AE9B4459A}.Debug|ARM.Deploy.0 = Debug|Any CPU
		{A8AD0C95-549C-4B72-B107-BC6AE9B4459A}.Debug|iPhone.ActiveCfg = Debug|Any CPU
		{A8AD0C95-549C-4B72-B107-BC6AE9B4459A}.Debug|iPhone.Build.0 = Debug|Any CPU
		{A8AD0C95-549C-4B72-B107-BC6AE9B4459A}.Debug|iPhone.Deploy.0 = Debug|Any CPU
		{A8AD0C95-549C-4B72-B107-BC6AE9B4459A}.Debug|iPhoneSimulator.ActiveCfg = Debug|Any CPU
		{A8AD0C95-549C-4B72-B107-BC6AE9B4459A}.Debug|iPhoneSimulator.Build.0 = Debug|Any CPU
		{A8AD0C95-549C-4B72-B107-BC6AE9B4459A}.Debug|iPhoneSimulator.Deploy.0 = Debug|Any CPU
		{A8AD0C95-549C-4B72-B107-BC6AE9B4459A}.Debug|x64.ActiveCfg = Debug|Any CPU
		{A8AD0C95-549C-4B72-B107-BC6AE9B4459A}.Debug|x64.Build.0 = Debug|Any CPU
		{A8AD0C95-549C-4B72-B107-BC6AE9B4459A}.Debug|x64.Deploy.0 = Debug|Any CPU
		{A8AD0C95-549C-4B72-B107-BC6AE9B4459A}.Debug|x86.ActiveCfg = Debug|Any CPU
		{A8AD0C95-549C-4B72-B107-BC6AE9B4459A}.Debug|x86.Build.0 = Debug|Any CPU
		{A8AD0C95-549C-4B72-B107-BC6AE9B4459A}.Debug|x86.Deploy.0 = Debug|Any CPU
		{A8AD0C95-549C-4B72-B107-BC6AE9B4459A}.Release|Any CPU.ActiveCfg = Release|Any CPU
		{A8AD0C95-549C-4B72-B107-BC6AE9B4459A}.Release|Any CPU.Build.0 = Release|Any CPU
		{A8AD0C95-549C-4B72-B107-BC6AE9B4459A}.Release|Any CPU.Deploy.0 = Release|Any CPU
		{A8AD0C95-549C-4B72-B107-BC6AE9B4459A}.Release|ARM.ActiveCfg = Release|Any CPU
		{A8AD0C95-549C-4B72-B107-BC6AE9B4459A}.Release|ARM.Build.0 = Release|Any CPU
		{A8AD0C95-549C-4B72-B107-BC6AE9B4459A}.Release|ARM.Deploy.0 = Release|Any CPU
		{A8AD0C95-549C-4B72-B107-BC6AE9B4459A}.Release|iPhone.ActiveCfg = Release|Any CPU
		{A8AD0C95-549C-4B72-B107-BC6AE9B4459A}.Release|iPhone.Build.0 = Release|Any CPU
		{A8AD0C95-549C-4B72-B107-BC6AE9B4459A}.Release|iPhone.Deploy.0 = Release|Any CPU
		{A8AD0C95-549C-4B72-B107-BC6AE9B4459A}.Release|iPhoneSimulator.ActiveCfg = Release|Any CPU
		{A8AD0C95-549C-4B72-B107-BC6AE9B4459A}.Release|iPhoneSimulator.Build.0 = Release|Any CPU
		{A8AD0C95-549C-4B72-B107-BC6AE9B4459A}.Release|iPhoneSimulator.Deploy.0 = Release|Any CPU
		{A8AD0C95-549C-4B72-B107-BC6AE9B4459A}.Release|x64.ActiveCfg = Release|Any CPU
		{A8AD0C95-549C-4B72-B107-BC6AE9B4459A}.Release|x64.Build.0 = Release|Any CPU
		{A8AD0C95-549C-4B72-B107-BC6AE9B4459A}.Release|x64.Deploy.0 = Release|Any CPU
		{A8AD0C95-549C-4B72-B107-BC6AE9B4459A}.Release|x86.ActiveCfg = Release|Any CPU
		{A8AD0C95-549C-4B72-B107-BC6AE9B4459A}.Release|x86.Build.0 = Release|Any CPU
		{A8AD0C95-549C-4B72-B107-BC6AE9B4459A}.Release|x86.Deploy.0 = Release|Any CPU
		{E35E3396-2961-4F44-B142-7C2D5D82704D}.Debug|Any CPU.ActiveCfg = Debug|iPhone
		{E35E3396-2961-4F44-B142-7C2D5D82704D}.Debug|ARM.ActiveCfg = Debug|iPhone
		{E35E3396-2961-4F44-B142-7C2D5D82704D}.Debug|iPhone.ActiveCfg = Debug|iPhone
		{E35E3396-2961-4F44-B142-7C2D5D82704D}.Debug|iPhone.Build.0 = Debug|iPhone
		{E35E3396-2961-4F44-B142-7C2D5D82704D}.Debug|iPhone.Deploy.0 = Debug|iPhone
		{E35E3396-2961-4F44-B142-7C2D5D82704D}.Debug|iPhoneSimulator.ActiveCfg = Debug|iPhoneSimulator
		{E35E3396-2961-4F44-B142-7C2D5D82704D}.Debug|iPhoneSimulator.Build.0 = Debug|iPhoneSimulator
		{E35E3396-2961-4F44-B142-7C2D5D82704D}.Debug|x64.ActiveCfg = Debug|iPhone
		{E35E3396-2961-4F44-B142-7C2D5D82704D}.Debug|x86.ActiveCfg = Debug|iPhone
		{E35E3396-2961-4F44-B142-7C2D5D82704D}.Release|Any CPU.ActiveCfg = Release|iPhone
		{E35E3396-2961-4F44-B142-7C2D5D82704D}.Release|ARM.ActiveCfg = Release|iPhone
		{E35E3396-2961-4F44-B142-7C2D5D82704D}.Release|iPhone.ActiveCfg = Release|iPhone
		{E35E3396-2961-4F44-B142-7C2D5D82704D}.Release|iPhone.Build.0 = Release|iPhone
		{E35E3396-2961-4F44-B142-7C2D5D82704D}.Release|iPhoneSimulator.ActiveCfg = Release|iPhoneSimulator
		{E35E3396-2961-4F44-B142-7C2D5D82704D}.Release|iPhoneSimulator.Build.0 = Release|iPhoneSimulator
		{E35E3396-2961-4F44-B142-7C2D5D82704D}.Release|x64.ActiveCfg = Release|iPhone
		{E35E3396-2961-4F44-B142-7C2D5D82704D}.Release|x86.ActiveCfg = Release|iPhone
		{84EE5A7E-6626-4C1F-9632-40C2B2EDE258}.Debug|Any CPU.ActiveCfg = Debug|Any CPU
		{84EE5A7E-6626-4C1F-9632-40C2B2EDE258}.Debug|Any CPU.Build.0 = Debug|Any CPU
		{84EE5A7E-6626-4C1F-9632-40C2B2EDE258}.Debug|ARM.ActiveCfg = Debug|Any CPU
		{84EE5A7E-6626-4C1F-9632-40C2B2EDE258}.Debug|ARM.Build.0 = Debug|Any CPU
		{84EE5A7E-6626-4C1F-9632-40C2B2EDE258}.Debug|iPhone.ActiveCfg = Debug|Any CPU
		{84EE5A7E-6626-4C1F-9632-40C2B2EDE258}.Debug|iPhone.Build.0 = Debug|Any CPU
		{84EE5A7E-6626-4C1F-9632-40C2B2EDE258}.Debug|iPhoneSimulator.ActiveCfg = Debug|Any CPU
		{84EE5A7E-6626-4C1F-9632-40C2B2EDE258}.Debug|iPhoneSimulator.Build.0 = Debug|Any CPU
		{84EE5A7E-6626-4C1F-9632-40C2B2EDE258}.Debug|x64.ActiveCfg = Debug|Any CPU
		{84EE5A7E-6626-4C1F-9632-40C2B2EDE258}.Debug|x64.Build.0 = Debug|Any CPU
		{84EE5A7E-6626-4C1F-9632-40C2B2EDE258}.Debug|x86.ActiveCfg = Debug|Any CPU
		{84EE5A7E-6626-4C1F-9632-40C2B2EDE258}.Debug|x86.Build.0 = Debug|Any CPU
		{84EE5A7E-6626-4C1F-9632-40C2B2EDE258}.Release|Any CPU.ActiveCfg = Release|Any CPU
		{84EE5A7E-6626-4C1F-9632-40C2B2EDE258}.Release|Any CPU.Build.0 = Release|Any CPU
		{84EE5A7E-6626-4C1F-9632-40C2B2EDE258}.Release|ARM.ActiveCfg = Release|Any CPU
		{84EE5A7E-6626-4C1F-9632-40C2B2EDE258}.Release|ARM.Build.0 = Release|Any CPU
		{84EE5A7E-6626-4C1F-9632-40C2B2EDE258}.Release|iPhone.ActiveCfg = Release|Any CPU
		{84EE5A7E-6626-4C1F-9632-40C2B2EDE258}.Release|iPhone.Build.0 = Release|Any CPU
		{84EE5A7E-6626-4C1F-9632-40C2B2EDE258}.Release|iPhoneSimulator.ActiveCfg = Release|Any CPU
		{84EE5A7E-6626-4C1F-9632-40C2B2EDE258}.Release|iPhoneSimulator.Build.0 = Release|Any CPU
		{84EE5A7E-6626-4C1F-9632-40C2B2EDE258}.Release|x64.ActiveCfg = Release|Any CPU
		{84EE5A7E-6626-4C1F-9632-40C2B2EDE258}.Release|x64.Build.0 = Release|Any CPU
		{84EE5A7E-6626-4C1F-9632-40C2B2EDE258}.Release|x86.ActiveCfg = Release|Any CPU
		{84EE5A7E-6626-4C1F-9632-40C2B2EDE258}.Release|x86.Build.0 = Release|Any CPU
	EndGlobalSection
	GlobalSection(SolutionProperties) = preSolution
		HideSolutionNode = FALSE
	EndGlobalSection
	GlobalSection(ExtensibilityGlobals) = postSolution
		SolutionGuid = {B112EC47-AF9A-4D68-AB40-A6390976E7C6}
	EndGlobalSection
EndGlobal
